// !$*UTF8*$!
{
	archiveVersion = 1;
	classes = {
	};
	objectVersion = 77;
	objects = {

/* Begin PBXBuildFile section */
		2A5ECDD62F15A89900D1FFD3 /* Supabase in Frameworks */ = {isa = PBXBuildFile; productRef = 2A5ECDD52F15A89900D1FFD3 /* Supabase */; };
		2A5ECDDD2F16187100D1FFD3 /* Launch Screen.storyboard in Resources */ = {isa = PBXBuildFile; fileRef = 2A5ECDDC2F16187100D1FFD3 /* Launch Screen.storyboard */; };
		2A5ED7262F18AA5B00D1FFD3 /* RevenueCat in Frameworks */ = {isa = PBXBuildFile; productRef = 2A5ED7252F18AA5B00D1FFD3 /* RevenueCat */; };
		2A5ED7282F18AA6000D1FFD3 /* RevenueCatUI in Frameworks */ = {isa = PBXBuildFile; productRef = 2A5ED7272F18AA6000D1FFD3 /* RevenueCatUI */; };
		2A6B457B2F14E2810043D733 /* Auth in Frameworks */ = {isa = PBXBuildFile; productRef = 2A6B457A2F14E2810043D733 /* Auth */; };
		2A6B457D2F14E2810043D733 /* Functions in Frameworks */ = {isa = PBXBuildFile; productRef = 2A6B457C2F14E2810043D733 /* Functions */; };
		2A6B457F2F14E2810043D733 /* PostgREST in Frameworks */ = {isa = PBXBuildFile; productRef = 2A6B457E2F14E2810043D733 /* PostgREST */; };
		2A6B45812F14E2810043D733 /* Realtime in Frameworks */ = {isa = PBXBuildFile; productRef = 2A6B45802F14E2810043D733 /* Realtime */; };
		2A6B45832F14E2810043D733 /* Storage in Frameworks */ = {isa = PBXBuildFile; productRef = 2A6B45822F14E2810043D733 /* Storage */; };
		2A6DB8B52F10B1910040EBAA /* SimpleWalkWatch.app in Embed Watch Content */ = {isa = PBXBuildFile; fileRef = 2A6DB8952F10B1900040EBAA /* SimpleWalkWatch.app */; settings = {ATTRIBUTES = (RemoveHeadersOnCopy, ); }; };
		2A6DB8CB2F115AE80040EBAA /* WidgetKit.framework in Frameworks */ = {isa = PBXBuildFile; fileRef = 2A6DB8CA2F115AE80040EBAA /* WidgetKit.framework */; };
		2A6DB8CD2F115AE80040EBAA /* SwiftUI.framework in Frameworks */ = {isa = PBXBuildFile; fileRef = 2A6DB8CC2F115AE80040EBAA /* SwiftUI.framework */; };
		2A6DB8DC2F115AE90040EBAA /* SimpleWalkWidgetsExtension.appex in Embed Foundation Extensions */ = {isa = PBXBuildFile; fileRef = 2A6DB8C82F115AE80040EBAA /* SimpleWalkWidgetsExtension.appex */; settings = {ATTRIBUTES = (RemoveHeadersOnCopy, ); }; };
		2A6DB8E72F115CAC0040EBAA /* WidgetKit.framework in Frameworks */ = {isa = PBXBuildFile; fileRef = 2A6DB8CA2F115AE80040EBAA /* WidgetKit.framework */; };
		2A6DB8E82F115CAC0040EBAA /* SwiftUI.framework in Frameworks */ = {isa = PBXBuildFile; fileRef = 2A6DB8CC2F115AE80040EBAA /* SwiftUI.framework */; };
		2A6DB8F92F115CAC0040EBAA /* SimpleWalkWidgetsExtension.appex in Embed Foundation Extensions */ = {isa = PBXBuildFile; fileRef = 2A6DB8E62F115CAB0040EBAA /* SimpleWalkWidgetsExtension.appex */; settings = {ATTRIBUTES = (RemoveHeadersOnCopy, ); }; };
		2A6DB9372F1169CA0040EBAA /* SimpleWalkWidgetsLiveActivity.swift in Sources */ = {isa = PBXBuildFile; fileRef = 2A6DB9342F1169CA0040EBAA /* SimpleWalkWidgetsLiveActivity.swift */; };
		2A6DB9382F1169CA0040EBAA /* SimpleWalkWidgetsBundle.swift in Sources */ = {isa = PBXBuildFile; fileRef = 2A6DB9322F1169CA0040EBAA /* SimpleWalkWidgetsBundle.swift */; };
		2A6DB9392F1169CA0040EBAA /* SimpleWalkWidgets.swift in Sources */ = {isa = PBXBuildFile; fileRef = 2A6DB9312F1169CA0040EBAA /* SimpleWalkWidgets.swift */; };
		2A6DB93B2F1169CA0040EBAA /* SimpleWalkWidgetsLiveActivity.swift in Sources */ = {isa = PBXBuildFile; fileRef = 2A6DB9342F1169CA0040EBAA /* SimpleWalkWidgetsLiveActivity.swift */; };
		2A6DB9412F1169CA0040EBAA /* SimpleWalkWidgetsLiveActivity.swift in Sources */ = {isa = PBXBuildFile; fileRef = 2A6DB9342F1169CA0040EBAA /* SimpleWalkWidgetsLiveActivity.swift */; };
		2A6DB9422F1169CA0040EBAA /* SimpleWalkWidgetsBundle.swift in Sources */ = {isa = PBXBuildFile; fileRef = 2A6DB9322F1169CA0040EBAA /* SimpleWalkWidgetsBundle.swift */; };
		2A6DB9432F1169CA0040EBAA /* SimpleWalkWidgets.swift in Sources */ = {isa = PBXBuildFile; fileRef = 2A6DB9312F1169CA0040EBAA /* SimpleWalkWidgets.swift */; };
		2A6DB9512F1169CA0040EBAA /* OpenAppIntent.swift in Sources */ = {isa = PBXBuildFile; fileRef = 2A6DB9502F1169CA0040EBAA /* OpenAppIntent.swift */; };
		2A6DB9522F1169CA0040EBAA /* OpenAppIntent.swift in Sources */ = {isa = PBXBuildFile; fileRef = 2A6DB9502F1169CA0040EBAA /* OpenAppIntent.swift */; };
		2A6DB9542F1169CA0040EBAA /* WalkControlWidget.swift in Sources */ = {isa = PBXBuildFile; fileRef = 2A6DB9532F1169CA0040EBAA /* WalkControlWidget.swift */; };
		2A6DB9552F1169CA0040EBAA /* WalkControlWidget.swift in Sources */ = {isa = PBXBuildFile; fileRef = 2A6DB9532F1169CA0040EBAA /* WalkControlWidget.swift */; };
		2A6DB9572F1169CA0040EBAA /* ClassicWalkLiveActivity.swift in Sources */ = {isa = PBXBuildFile; fileRef = 2A6DB9562F1169CA0040EBAA /* ClassicWalkLiveActivity.swift */; };
		2A6DB9582F1169CA0040EBAA /* ClassicWalkLiveActivity.swift in Sources */ = {isa = PBXBuildFile; fileRef = 2A6DB9562F1169CA0040EBAA /* ClassicWalkLiveActivity.swift */; };
		2A6DB9592F1169CA0040EBAA /* EndWalkIntent.swift in Sources */ = {isa = PBXBuildFile; fileRef = 2A6DB95A2F1169CA0040EBAA /* EndWalkIntent.swift */; };
		2A6DB95B2F1169CA0040EBAA /* EndWalkIntent.swift in Sources */ = {isa = PBXBuildFile; fileRef = 2A6DB95A2F1169CA0040EBAA /* EndWalkIntent.swift */; };
		2A6DB95D2F1169CA0040EBAA /* WalkActivityAttributes.swift in Sources */ = {isa = PBXBuildFile; fileRef = 2A6DB95C2F1169CA0040EBAA /* WalkActivityAttributes.swift */; };
		2A6DB95E2F1169CA0040EBAA /* WalkActivityAttributes.swift in Sources */ = {isa = PBXBuildFile; fileRef = 2A6DB95C2F1169CA0040EBAA /* WalkActivityAttributes.swift */; };
/* End PBXBuildFile section */

/* Begin PBXContainerItemProxy section */
		2A26CB7B2F100BC60068C0B0 /* PBXContainerItemProxy */ = {
			isa = PBXContainerItemProxy;
			containerPortal = 2A26CB632F100BC50068C0B0 /* Project object */;
			proxyType = 1;
			remoteGlobalIDString = 2A26CB6A2F100BC50068C0B0;
			remoteInfo = "Just Walk";
		};
		2A26CB852F100BC60068C0B0 /* PBXContainerItemProxy */ = {
			isa = PBXContainerItemProxy;
			containerPortal = 2A26CB632F100BC50068C0B0 /* Project object */;
			proxyType = 1;
			remoteGlobalIDString = 2A26CB6A2F100BC50068C0B0;
			remoteInfo = "Just Walk";
		};
		2A6DB8A22F10B1910040EBAA /* PBXContainerItemProxy */ = {
			isa = PBXContainerItemProxy;
			containerPortal = 2A26CB632F100BC50068C0B0 /* Project object */;
			proxyType = 1;
			remoteGlobalIDString = 2A6DB8942F10B1900040EBAA;
			remoteInfo = "Just Walk (Apple Watch) Watch App";
		};
		2A6DB8AC2F10B1910040EBAA /* PBXContainerItemProxy */ = {
			isa = PBXContainerItemProxy;
			containerPortal = 2A26CB632F100BC50068C0B0 /* Project object */;
			proxyType = 1;
			remoteGlobalIDString = 2A6DB8942F10B1900040EBAA;
			remoteInfo = "Just Walk (Apple Watch) Watch App";
		};
		2A6DB8B32F10B1910040EBAA /* PBXContainerItemProxy */ = {
			isa = PBXContainerItemProxy;
			containerPortal = 2A26CB632F100BC50068C0B0 /* Project object */;
			proxyType = 1;
			remoteGlobalIDString = 2A6DB8942F10B1900040EBAA;
			remoteInfo = "Just Walk (Apple Watch) Watch App";
		};
		2A6DB8DA2F115AE90040EBAA /* PBXContainerItemProxy */ = {
			isa = PBXContainerItemProxy;
			containerPortal = 2A26CB632F100BC50068C0B0 /* Project object */;
			proxyType = 1;
			remoteGlobalIDString = 2A6DB8C72F115AE80040EBAA;
			remoteInfo = SimpleWalkWidgetsExtension;
		};
		2A6DB8F72F115CAC0040EBAA /* PBXContainerItemProxy */ = {
			isa = PBXContainerItemProxy;
			containerPortal = 2A26CB632F100BC50068C0B0 /* Project object */;
			proxyType = 1;
			remoteGlobalIDString = 2A6DB8E52F115CAB0040EBAA;
			remoteInfo = SimpleWalkWidgetsExtension;
		};
/* End PBXContainerItemProxy section */

/* Begin PBXCopyFilesBuildPhase section */
		2A6DB8B92F10B1910040EBAA /* Embed Watch Content */ = {
			isa = PBXCopyFilesBuildPhase;
			buildActionMask = 2147483647;
			dstPath = "$(CONTENTS_FOLDER_PATH)/Watch";
			dstSubfolderSpec = 16;
			files = (
				2A6DB8B52F10B1910040EBAA /* SimpleWalkWatch.app in Embed Watch Content */,
			);
			name = "Embed Watch Content";
			runOnlyForDeploymentPostprocessing = 0;
		};
		2A6DB8E12F115AE90040EBAA /* Embed Foundation Extensions */ = {
			isa = PBXCopyFilesBuildPhase;
			buildActionMask = 2147483647;
			dstPath = "";
			dstSubfolderSpec = 13;
			files = (
				2A6DB8DC2F115AE90040EBAA /* SimpleWalkWidgetsExtension.appex in Embed Foundation Extensions */,
			);
			name = "Embed Foundation Extensions";
			runOnlyForDeploymentPostprocessing = 0;
		};
		2A6DB8FE2F115CAC0040EBAA /* Embed Foundation Extensions */ = {
			isa = PBXCopyFilesBuildPhase;
			buildActionMask = 2147483647;
			dstPath = "";
			dstSubfolderSpec = 13;
			files = (
				2A6DB8F92F115CAC0040EBAA /* SimpleWalkWidgetsExtension.appex in Embed Foundation Extensions */,
			);
			name = "Embed Foundation Extensions";
			runOnlyForDeploymentPostprocessing = 0;
		};
/* End PBXCopyFilesBuildPhase section */

/* Begin PBXFileReference section */
		2A26CB6B2F100BC50068C0B0 /* Just Walk.app */ = {isa = PBXFileReference; explicitFileType = wrapper.application; includeInIndex = 0; path = "Just Walk.app"; sourceTree = BUILT_PRODUCTS_DIR; };
		2A26CB7A2F100BC60068C0B0 /* Just WalkTests.xctest */ = {isa = PBXFileReference; explicitFileType = wrapper.cfbundle; includeInIndex = 0; path = "Just WalkTests.xctest"; sourceTree = BUILT_PRODUCTS_DIR; };
		2A26CB842F100BC60068C0B0 /* Just WalkUITests.xctest */ = {isa = PBXFileReference; explicitFileType = wrapper.cfbundle; includeInIndex = 0; path = "Just WalkUITests.xctest"; sourceTree = BUILT_PRODUCTS_DIR; };
		2A5ECDDC2F16187100D1FFD3 /* Launch Screen.storyboard */ = {isa = PBXFileReference; lastKnownFileType = file.storyboard; path = "Launch Screen.storyboard"; sourceTree = "<group>"; };
		2A6DB8952F10B1900040EBAA /* SimpleWalkWatch.app */ = {isa = PBXFileReference; explicitFileType = wrapper.application; includeInIndex = 0; path = SimpleWalkWatch.app; sourceTree = BUILT_PRODUCTS_DIR; };
		2A6DB8A12F10B1910040EBAA /* Just Walk (Apple Watch) Watch AppTests.xctest */ = {isa = PBXFileReference; explicitFileType = wrapper.cfbundle; includeInIndex = 0; path = "Just Walk (Apple Watch) Watch AppTests.xctest"; sourceTree = BUILT_PRODUCTS_DIR; };
		2A6DB8AB2F10B1910040EBAA /* Just Walk (Apple Watch) Watch AppUITests.xctest */ = {isa = PBXFileReference; explicitFileType = wrapper.cfbundle; includeInIndex = 0; path = "Just Walk (Apple Watch) Watch AppUITests.xctest"; sourceTree = BUILT_PRODUCTS_DIR; };
		2A6DB8C82F115AE80040EBAA /* SimpleWalkWidgetsExtension.appex */ = {isa = PBXFileReference; explicitFileType = "wrapper.app-extension"; includeInIndex = 0; path = SimpleWalkWidgetsExtension.appex; sourceTree = BUILT_PRODUCTS_DIR; };
		2A6DB8CA2F115AE80040EBAA /* WidgetKit.framework */ = {isa = PBXFileReference; lastKnownFileType = wrapper.framework; name = WidgetKit.framework; path = System/Library/Frameworks/WidgetKit.framework; sourceTree = SDKROOT; };
		2A6DB8CC2F115AE80040EBAA /* SwiftUI.framework */ = {isa = PBXFileReference; lastKnownFileType = wrapper.framework; name = SwiftUI.framework; path = System/Library/Frameworks/SwiftUI.framework; sourceTree = SDKROOT; };
		2A6DB8E62F115CAB0040EBAA /* SimpleWalkWidgetsExtension.appex */ = {isa = PBXFileReference; explicitFileType = "wrapper.app-extension"; includeInIndex = 0; path = SimpleWalkWidgetsExtension.appex; sourceTree = BUILT_PRODUCTS_DIR; };
		2A6DB9302F1169CA0040EBAA /* Info.plist */ = {isa = PBXFileReference; lastKnownFileType = text.plist.xml; path = Info.plist; sourceTree = "<group>"; };
		2A6DB9312F1169CA0040EBAA /* SimpleWalkWidgets.swift */ = {isa = PBXFileReference; lastKnownFileType = sourcecode.swift; path = SimpleWalkWidgets.swift; sourceTree = "<group>"; };
		2A6DB9322F1169CA0040EBAA /* SimpleWalkWidgetsBundle.swift */ = {isa = PBXFileReference; lastKnownFileType = sourcecode.swift; path = SimpleWalkWidgetsBundle.swift; sourceTree = "<group>"; };
		2A6DB9342F1169CA0040EBAA /* SimpleWalkWidgetsLiveActivity.swift */ = {isa = PBXFileReference; lastKnownFileType = sourcecode.swift; path = SimpleWalkWidgetsLiveActivity.swift; sourceTree = "<group>"; };
		2A6DB94E2F11BBCB0040EBAA /* SimpleWalkWidgetsExtension.entitlements */ = {isa = PBXFileReference; lastKnownFileType = text.plist.entitlements; path = SimpleWalkWidgetsExtension.entitlements; sourceTree = "<group>"; };
		2A6DB9502F1169CA0040EBAA /* OpenAppIntent.swift */ = {isa = PBXFileReference; lastKnownFileType = sourcecode.swift; path = OpenAppIntent.swift; sourceTree = "<group>"; };
		2A6DB9532F1169CA0040EBAA /* WalkControlWidget.swift */ = {isa = PBXFileReference; lastKnownFileType = sourcecode.swift; path = WalkControlWidget.swift; sourceTree = "<group>"; };
		2A6DB9562F1169CA0040EBAA /* ClassicWalkLiveActivity.swift */ = {isa = PBXFileReference; lastKnownFileType = sourcecode.swift; path = ClassicWalkLiveActivity.swift; sourceTree = "<group>"; };
		2A6DB95A2F1169CA0040EBAA /* EndWalkIntent.swift */ = {isa = PBXFileReference; lastKnownFileType = sourcecode.swift; path = EndWalkIntent.swift; sourceTree = "<group>"; };
		2A6DB95C2F1169CA0040EBAA /* WalkActivityAttributes.swift */ = {isa = PBXFileReference; lastKnownFileType = sourcecode.swift; path = WalkActivityAttributes.swift; sourceTree = "<group>"; };
/* End PBXFileReference section */

/* Begin PBXFileSystemSynchronizedBuildFileExceptionSet section */
		2A26CB972F100BD70068C0B0 /* Exceptions for "Just Walk" folder in "Just Walk" target */ = {
			isa = PBXFileSystemSynchronizedBuildFileExceptionSet;
			membershipExceptions = (
				Info.plist,
			);
			target = 2A26CB6A2F100BC50068C0B0 /* Just Walk */;
		};
/* End PBXFileSystemSynchronizedBuildFileExceptionSet section */

/* Begin PBXFileSystemSynchronizedRootGroup section */
		2A26CB6D2F100BC50068C0B0 /* Just Walk */ = {
			isa = PBXFileSystemSynchronizedRootGroup;
			exceptions = (
				2A26CB972F100BD70068C0B0 /* Exceptions for "Just Walk" folder in "Just Walk" target */,
			);
			path = "Just Walk";
			sourceTree = "<group>";
		};
		2A26CB7D2F100BC60068C0B0 /* Just WalkTests */ = {
			isa = PBXFileSystemSynchronizedRootGroup;
			path = "Just WalkTests";
			sourceTree = "<group>";
		};
		2A26CB872F100BC60068C0B0 /* Just WalkUITests */ = {
			isa = PBXFileSystemSynchronizedRootGroup;
			path = "Just WalkUITests";
			sourceTree = "<group>";
		};
		2A6DB8962F10B1900040EBAA /* Just Walk (Apple Watch) Watch App */ = {
			isa = PBXFileSystemSynchronizedRootGroup;
			path = "Just Walk (Apple Watch) Watch App";
			sourceTree = "<group>";
		};
		2A6DB8A42F10B1910040EBAA /* Just Walk (Apple Watch) Watch AppTests */ = {
			isa = PBXFileSystemSynchronizedRootGroup;
			path = "Just Walk (Apple Watch) Watch AppTests";
			sourceTree = "<group>";
		};
		2A6DB8AE2F10B1910040EBAA /* Just Walk (Apple Watch) Watch AppUITests */ = {
			isa = PBXFileSystemSynchronizedRootGroup;
			path = "Just Walk (Apple Watch) Watch AppUITests";
			sourceTree = "<group>";
		};
/* End PBXFileSystemSynchronizedRootGroup section */

/* Begin PBXFrameworksBuildPhase section */
		2A26CB682F100BC50068C0B0 /* Frameworks */ = {
			isa = PBXFrameworksBuildPhase;
			buildActionMask = 2147483647;
			files = (
				2A6B457F2F14E2810043D733 /* PostgREST in Frameworks */,
				2A6B457D2F14E2810043D733 /* Functions in Frameworks */,
				2A5ED7262F18AA5B00D1FFD3 /* RevenueCat in Frameworks */,
				2A5ECDD62F15A89900D1FFD3 /* Supabase in Frameworks */,
				2A5ED7282F18AA6000D1FFD3 /* RevenueCatUI in Frameworks */,
				2A6B457B2F14E2810043D733 /* Auth in Frameworks */,
				2A6B45832F14E2810043D733 /* Storage in Frameworks */,
				2A6B45812F14E2810043D733 /* Realtime in Frameworks */,
			);
			runOnlyForDeploymentPostprocessing = 0;
		};
		2A26CB772F100BC60068C0B0 /* Frameworks */ = {
			isa = PBXFrameworksBuildPhase;
			buildActionMask = 2147483647;
			files = (
			);
			runOnlyForDeploymentPostprocessing = 0;
		};
		2A26CB812F100BC60068C0B0 /* Frameworks */ = {
			isa = PBXFrameworksBuildPhase;
			buildActionMask = 2147483647;
			files = (
			);
			runOnlyForDeploymentPostprocessing = 0;
		};
		2A6DB8922F10B1900040EBAA /* Frameworks */ = {
			isa = PBXFrameworksBuildPhase;
			buildActionMask = 2147483647;
			files = (
			);
			runOnlyForDeploymentPostprocessing = 0;
		};
		2A6DB89E2F10B1910040EBAA /* Frameworks */ = {
			isa = PBXFrameworksBuildPhase;
			buildActionMask = 2147483647;
			files = (
			);
			runOnlyForDeploymentPostprocessing = 0;
		};
		2A6DB8A82F10B1910040EBAA /* Frameworks */ = {
			isa = PBXFrameworksBuildPhase;
			buildActionMask = 2147483647;
			files = (
			);
			runOnlyForDeploymentPostprocessing = 0;
		};
		2A6DB8C52F115AE80040EBAA /* Frameworks */ = {
			isa = PBXFrameworksBuildPhase;
			buildActionMask = 2147483647;
			files = (
				2A6DB8CD2F115AE80040EBAA /* SwiftUI.framework in Frameworks */,
				2A6DB8CB2F115AE80040EBAA /* WidgetKit.framework in Frameworks */,
			);
			runOnlyForDeploymentPostprocessing = 0;
		};
		2A6DB8E32F115CAB0040EBAA /* Frameworks */ = {
			isa = PBXFrameworksBuildPhase;
			buildActionMask = 2147483647;
			files = (
				2A6DB8E82F115CAC0040EBAA /* SwiftUI.framework in Frameworks */,
				2A6DB8E72F115CAC0040EBAA /* WidgetKit.framework in Frameworks */,
			);
			runOnlyForDeploymentPostprocessing = 0;
		};
/* End PBXFrameworksBuildPhase section */

/* Begin PBXGroup section */
		2A26CB622F100BC50068C0B0 = {
			isa = PBXGroup;
			children = (
				2A5ECDDC2F16187100D1FFD3 /* Launch Screen.storyboard */,
				2A6DB94E2F11BBCB0040EBAA /* SimpleWalkWidgetsExtension.entitlements */,
				2A26CB6D2F100BC50068C0B0 /* Just Walk */,
				2A26CB7D2F100BC60068C0B0 /* Just WalkTests */,
				2A26CB872F100BC60068C0B0 /* Just WalkUITests */,
				2A6DB8962F10B1900040EBAA /* Just Walk (Apple Watch) Watch App */,
				2A6DB8A42F10B1910040EBAA /* Just Walk (Apple Watch) Watch AppTests */,
				2A6DB8AE2F10B1910040EBAA /* Just Walk (Apple Watch) Watch AppUITests */,
				2A6DB8C92F115AE80040EBAA /* Frameworks */,
				2A26CB6C2F100BC50068C0B0 /* Products */,
				2A6DB9352F1169CA0040EBAA /* SimpleWalkWidgets */,
			);
			sourceTree = "<group>";
		};
		2A26CB6C2F100BC50068C0B0 /* Products */ = {
			isa = PBXGroup;
			children = (
				2A26CB6B2F100BC50068C0B0 /* Just Walk.app */,
				2A26CB7A2F100BC60068C0B0 /* Just WalkTests.xctest */,
				2A26CB842F100BC60068C0B0 /* Just WalkUITests.xctest */,
				2A6DB8952F10B1900040EBAA /* SimpleWalkWatch.app */,
				2A6DB8A12F10B1910040EBAA /* Just Walk (Apple Watch) Watch AppTests.xctest */,
				2A6DB8AB2F10B1910040EBAA /* Just Walk (Apple Watch) Watch AppUITests.xctest */,
				2A6DB8C82F115AE80040EBAA /* SimpleWalkWidgetsExtension.appex */,
				2A6DB8E62F115CAB0040EBAA /* SimpleWalkWidgetsExtension.appex */,
			);
			name = Products;
			sourceTree = "<group>";
		};
		2A6DB8C92F115AE80040EBAA /* Frameworks */ = {
			isa = PBXGroup;
			children = (
				2A6DB8CA2F115AE80040EBAA /* WidgetKit.framework */,
				2A6DB8CC2F115AE80040EBAA /* SwiftUI.framework */,
			);
			name = Frameworks;
			sourceTree = "<group>";
		};
		2A6DB9352F1169CA0040EBAA /* SimpleWalkWidgets */ = {
			isa = PBXGroup;
			children = (
				2A6DB9302F1169CA0040EBAA /* Info.plist */,
				2A6DB9502F1169CA0040EBAA /* OpenAppIntent.swift */,
				2A6DB9312F1169CA0040EBAA /* SimpleWalkWidgets.swift */,
				2A6DB9322F1169CA0040EBAA /* SimpleWalkWidgetsBundle.swift */,
				2A6DB9342F1169CA0040EBAA /* SimpleWalkWidgetsLiveActivity.swift */,
				2A6DB9532F1169CA0040EBAA /* WalkControlWidget.swift */,
				2A6DB9562F1169CA0040EBAA /* ClassicWalkLiveActivity.swift */,
				2A6DB95A2F1169CA0040EBAA /* EndWalkIntent.swift */,
				2A6DB95C2F1169CA0040EBAA /* WalkActivityAttributes.swift */,
			);
			path = SimpleWalkWidgets;
			sourceTree = "<group>";
		};
/* End PBXGroup section */

/* Begin PBXNativeTarget section */
		2A26CB6A2F100BC50068C0B0 /* Just Walk */ = {
			isa = PBXNativeTarget;
			buildConfigurationList = 2A26CB8E2F100BC60068C0B0 /* Build configuration list for PBXNativeTarget "Just Walk" */;
			buildPhases = (
				2A26CB672F100BC50068C0B0 /* Sources */,
				2A26CB682F100BC50068C0B0 /* Frameworks */,
				2A26CB692F100BC50068C0B0 /* Resources */,
				2A6DB8B92F10B1910040EBAA /* Embed Watch Content */,
				2A6DB8FE2F115CAC0040EBAA /* Embed Foundation Extensions */,
			);
			buildRules = (
			);
			dependencies = (
				2A6DB8B42F10B1910040EBAA /* PBXTargetDependency */,
				2A6DB8F82F115CAC0040EBAA /* PBXTargetDependency */,
			);
			fileSystemSynchronizedGroups = (
				2A26CB6D2F100BC50068C0B0 /* Just Walk */,
			);
			name = "Just Walk";
			packageProductDependencies = (
				2A6B457A2F14E2810043D733 /* Auth */,
				2A6B457C2F14E2810043D733 /* Functions */,
				2A6B457E2F14E2810043D733 /* PostgREST */,
				2A6B45802F14E2810043D733 /* Realtime */,
				2A6B45822F14E2810043D733 /* Storage */,
				2A5ECDD52F15A89900D1FFD3 /* Supabase */,
				2A5ED7252F18AA5B00D1FFD3 /* RevenueCat */,
				2A5ED7272F18AA6000D1FFD3 /* RevenueCatUI */,
			);
			productName = "Just Walk";
			productReference = 2A26CB6B2F100BC50068C0B0 /* Just Walk.app */;
			productType = "com.apple.product-type.application";
		};
		2A26CB792F100BC60068C0B0 /* Just WalkTests */ = {
			isa = PBXNativeTarget;
			buildConfigurationList = 2A26CB912F100BC60068C0B0 /* Build configuration list for PBXNativeTarget "Just WalkTests" */;
			buildPhases = (
				2A26CB762F100BC60068C0B0 /* Sources */,
				2A26CB772F100BC60068C0B0 /* Frameworks */,
				2A26CB782F100BC60068C0B0 /* Resources */,
			);
			buildRules = (
			);
			dependencies = (
				2A26CB7C2F100BC60068C0B0 /* PBXTargetDependency */,
			);
			fileSystemSynchronizedGroups = (
				2A26CB7D2F100BC60068C0B0 /* Just WalkTests */,
			);
			name = "Just WalkTests";
			packageProductDependencies = (
			);
			productName = "Just WalkTests";
			productReference = 2A26CB7A2F100BC60068C0B0 /* Just WalkTests.xctest */;
			productType = "com.apple.product-type.bundle.unit-test";
		};
		2A26CB832F100BC60068C0B0 /* Just WalkUITests */ = {
			isa = PBXNativeTarget;
			buildConfigurationList = 2A26CB942F100BC60068C0B0 /* Build configuration list for PBXNativeTarget "Just WalkUITests" */;
			buildPhases = (
				2A26CB802F100BC60068C0B0 /* Sources */,
				2A26CB812F100BC60068C0B0 /* Frameworks */,
				2A26CB822F100BC60068C0B0 /* Resources */,
			);
			buildRules = (
			);
			dependencies = (
				2A26CB862F100BC60068C0B0 /* PBXTargetDependency */,
			);
			fileSystemSynchronizedGroups = (
				2A26CB872F100BC60068C0B0 /* Just WalkUITests */,
			);
			name = "Just WalkUITests";
			packageProductDependencies = (
			);
			productName = "Just WalkUITests";
			productReference = 2A26CB842F100BC60068C0B0 /* Just WalkUITests.xctest */;
			productType = "com.apple.product-type.bundle.ui-testing";
		};
		2A6DB8942F10B1900040EBAA /* Just Walk (Apple Watch) Watch App */ = {
			isa = PBXNativeTarget;
			buildConfigurationList = 2A6DB8B62F10B1910040EBAA /* Build configuration list for PBXNativeTarget "Just Walk (Apple Watch) Watch App" */;
			buildPhases = (
				2A6DB8912F10B1900040EBAA /* Sources */,
				2A6DB8922F10B1900040EBAA /* Frameworks */,
				2A6DB8932F10B1900040EBAA /* Resources */,
				2A6DB8E12F115AE90040EBAA /* Embed Foundation Extensions */,
			);
			buildRules = (
			);
			dependencies = (
				2A6DB8DB2F115AE90040EBAA /* PBXTargetDependency */,
			);
			fileSystemSynchronizedGroups = (
				2A6DB8962F10B1900040EBAA /* Just Walk (Apple Watch) Watch App */,
			);
			name = "Just Walk (Apple Watch) Watch App";
			packageProductDependencies = (
			);
			productName = "Just Walk (Apple Watch) Watch App";
			productReference = 2A6DB8952F10B1900040EBAA /* SimpleWalkWatch.app */;
			productType = "com.apple.product-type.application";
		};
		2A6DB8A02F10B1910040EBAA /* Just Walk (Apple Watch) Watch AppTests */ = {
			isa = PBXNativeTarget;
			buildConfigurationList = 2A6DB8BA2F10B1910040EBAA /* Build configuration list for PBXNativeTarget "Just Walk (Apple Watch) Watch AppTests" */;
			buildPhases = (
				2A6DB89D2F10B1910040EBAA /* Sources */,
				2A6DB89E2F10B1910040EBAA /* Frameworks */,
				2A6DB89F2F10B1910040EBAA /* Resources */,
			);
			buildRules = (
			);
			dependencies = (
				2A6DB8A32F10B1910040EBAA /* PBXTargetDependency */,
			);
			fileSystemSynchronizedGroups = (
				2A6DB8A42F10B1910040EBAA /* Just Walk (Apple Watch) Watch AppTests */,
			);
			name = "Just Walk (Apple Watch) Watch AppTests";
			packageProductDependencies = (
			);
			productName = "Just Walk (Apple Watch) Watch AppTests";
			productReference = 2A6DB8A12F10B1910040EBAA /* Just Walk (Apple Watch) Watch AppTests.xctest */;
			productType = "com.apple.product-type.bundle.unit-test";
		};
		2A6DB8AA2F10B1910040EBAA /* Just Walk (Apple Watch) Watch AppUITests */ = {
			isa = PBXNativeTarget;
			buildConfigurationList = 2A6DB8BD2F10B1910040EBAA /* Build configuration list for PBXNativeTarget "Just Walk (Apple Watch) Watch AppUITests" */;
			buildPhases = (
				2A6DB8A72F10B1910040EBAA /* Sources */,
				2A6DB8A82F10B1910040EBAA /* Frameworks */,
				2A6DB8A92F10B1910040EBAA /* Resources */,
			);
			buildRules = (
			);
			dependencies = (
				2A6DB8AD2F10B1910040EBAA /* PBXTargetDependency */,
			);
			fileSystemSynchronizedGroups = (
				2A6DB8AE2F10B1910040EBAA /* Just Walk (Apple Watch) Watch AppUITests */,
			);
			name = "Just Walk (Apple Watch) Watch AppUITests";
			packageProductDependencies = (
			);
			productName = "Just Walk (Apple Watch) Watch AppUITests";
			productReference = 2A6DB8AB2F10B1910040EBAA /* Just Walk (Apple Watch) Watch AppUITests.xctest */;
			productType = "com.apple.product-type.bundle.ui-testing";
		};
		2A6DB8C72F115AE80040EBAA /* SimpleWalkWidgetsExtension */ = {
			isa = PBXNativeTarget;
			buildConfigurationList = 2A6DB8DD2F115AE90040EBAA /* Build configuration list for PBXNativeTarget "SimpleWalkWidgetsExtension" */;
			buildPhases = (
				2A6DB8C42F115AE80040EBAA /* Sources */,
				2A6DB8C52F115AE80040EBAA /* Frameworks */,
				2A6DB8C62F115AE80040EBAA /* Resources */,
			);
			buildRules = (
			);
			dependencies = (
			);
			name = SimpleWalkWidgetsExtension;
			packageProductDependencies = (
			);
			productName = SimpleWalkWidgetsExtension;
			productReference = 2A6DB8C82F115AE80040EBAA /* SimpleWalkWidgetsExtension.appex */;
			productType = "com.apple.product-type.app-extension";
		};
		2A6DB8E52F115CAB0040EBAA /* SimpleWalkWidgetsExtension */ = {
			isa = PBXNativeTarget;
			buildConfigurationList = 2A6DB8FA2F115CAC0040EBAA /* Build configuration list for PBXNativeTarget "SimpleWalkWidgetsExtension" */;
			buildPhases = (
				2A6DB8E22F115CAB0040EBAA /* Sources */,
				2A6DB8E32F115CAB0040EBAA /* Frameworks */,
				2A6DB8E42F115CAB0040EBAA /* Resources */,
			);
			buildRules = (
			);
			dependencies = (
			);
			name = SimpleWalkWidgetsExtension;
			packageProductDependencies = (
			);
			productName = SimpleWalkWidgetsExtension;
			productReference = 2A6DB8E62F115CAB0040EBAA /* SimpleWalkWidgetsExtension.appex */;
			productType = "com.apple.product-type.app-extension";
		};
/* End PBXNativeTarget section */

/* Begin PBXProject section */
		2A26CB632F100BC50068C0B0 /* Project object */ = {
			isa = PBXProject;
			attributes = {
				BuildIndependentTargetsInParallel = 1;
				LastSwiftUpdateCheck = 2620;
				LastUpgradeCheck = 2620;
				TargetAttributes = {
					2A26CB6A2F100BC50068C0B0 = {
						CreatedOnToolsVersion = 26.2;
					};
					2A26CB792F100BC60068C0B0 = {
						CreatedOnToolsVersion = 26.2;
						TestTargetID = 2A26CB6A2F100BC50068C0B0;
					};
					2A26CB832F100BC60068C0B0 = {
						CreatedOnToolsVersion = 26.2;
						TestTargetID = 2A26CB6A2F100BC50068C0B0;
					};
					2A6DB8942F10B1900040EBAA = {
						CreatedOnToolsVersion = 26.2;
					};
					2A6DB8A02F10B1910040EBAA = {
						CreatedOnToolsVersion = 26.2;
						TestTargetID = 2A6DB8942F10B1900040EBAA;
					};
					2A6DB8AA2F10B1910040EBAA = {
						CreatedOnToolsVersion = 26.2;
						TestTargetID = 2A6DB8942F10B1900040EBAA;
					};
					2A6DB8C72F115AE80040EBAA = {
						CreatedOnToolsVersion = 26.2;
					};
					2A6DB8E52F115CAB0040EBAA = {
						CreatedOnToolsVersion = 26.2;
					};
				};
			};
			buildConfigurationList = 2A26CB662F100BC50068C0B0 /* Build configuration list for PBXProject "Just Walk" */;
			developmentRegion = en;
			hasScannedForEncodings = 0;
			knownRegions = (
				en,
				Base,
			);
			mainGroup = 2A26CB622F100BC50068C0B0;
			minimizedProjectReferenceProxies = 1;
			packageReferences = (
				2A6B45792F14E2810043D733 /* XCRemoteSwiftPackageReference "supabase-swift" */,
				2A5ED7242F18AA2E00D1FFD3 /* XCRemoteSwiftPackageReference "purchases-ios" */,
			);
			preferredProjectObjectVersion = 77;
			productRefGroup = 2A26CB6C2F100BC50068C0B0 /* Products */;
			projectDirPath = "";
			projectRoot = "";
			targets = (
				2A26CB6A2F100BC50068C0B0 /* Just Walk */,
				2A26CB792F100BC60068C0B0 /* Just WalkTests */,
				2A26CB832F100BC60068C0B0 /* Just WalkUITests */,
				2A6DB8942F10B1900040EBAA /* Just Walk (Apple Watch) Watch App */,
				2A6DB8A02F10B1910040EBAA /* Just Walk (Apple Watch) Watch AppTests */,
				2A6DB8AA2F10B1910040EBAA /* Just Walk (Apple Watch) Watch AppUITests */,
				2A6DB8C72F115AE80040EBAA /* SimpleWalkWidgetsExtension */,
				2A6DB8E52F115CAB0040EBAA /* SimpleWalkWidgetsExtension */,
			);
		};
/* End PBXProject section */

/* Begin PBXResourcesBuildPhase section */
		2A26CB692F100BC50068C0B0 /* Resources */ = {
			isa = PBXResourcesBuildPhase;
			buildActionMask = 2147483647;
			files = (
				2A5ECDDD2F16187100D1FFD3 /* Launch Screen.storyboard in Resources */,
			);
			runOnlyForDeploymentPostprocessing = 0;
		};
		2A26CB782F100BC60068C0B0 /* Resources */ = {
			isa = PBXResourcesBuildPhase;
			buildActionMask = 2147483647;
			files = (
			);
			runOnlyForDeploymentPostprocessing = 0;
		};
		2A26CB822F100BC60068C0B0 /* Resources */ = {
			isa = PBXResourcesBuildPhase;
			buildActionMask = 2147483647;
			files = (
			);
			runOnlyForDeploymentPostprocessing = 0;
		};
		2A6DB8932F10B1900040EBAA /* Resources */ = {
			isa = PBXResourcesBuildPhase;
			buildActionMask = 2147483647;
			files = (
			);
			runOnlyForDeploymentPostprocessing = 0;
		};
		2A6DB89F2F10B1910040EBAA /* Resources */ = {
			isa = PBXResourcesBuildPhase;
			buildActionMask = 2147483647;
			files = (
			);
			runOnlyForDeploymentPostprocessing = 0;
		};
		2A6DB8A92F10B1910040EBAA /* Resources */ = {
			isa = PBXResourcesBuildPhase;
			buildActionMask = 2147483647;
			files = (
			);
			runOnlyForDeploymentPostprocessing = 0;
		};
		2A6DB8C62F115AE80040EBAA /* Resources */ = {
			isa = PBXResourcesBuildPhase;
			buildActionMask = 2147483647;
			files = (
			);
			runOnlyForDeploymentPostprocessing = 0;
		};
		2A6DB8E42F115CAB0040EBAA /* Resources */ = {
			isa = PBXResourcesBuildPhase;
			buildActionMask = 2147483647;
			files = (
			);
			runOnlyForDeploymentPostprocessing = 0;
		};
/* End PBXResourcesBuildPhase section */

/* Begin PBXSourcesBuildPhase section */
		2A26CB672F100BC50068C0B0 /* Sources */ = {
			isa = PBXSourcesBuildPhase;
			buildActionMask = 2147483647;
			files = (
				2A6DB93B2F1169CA0040EBAA /* SimpleWalkWidgetsLiveActivity.swift in Sources */,
			);
			runOnlyForDeploymentPostprocessing = 0;
		};
		2A26CB762F100BC60068C0B0 /* Sources */ = {
			isa = PBXSourcesBuildPhase;
			buildActionMask = 2147483647;
			files = (
			);
			runOnlyForDeploymentPostprocessing = 0;
		};
		2A26CB802F100BC60068C0B0 /* Sources */ = {
			isa = PBXSourcesBuildPhase;
			buildActionMask = 2147483647;
			files = (
			);
			runOnlyForDeploymentPostprocessing = 0;
		};
		2A6DB8912F10B1900040EBAA /* Sources */ = {
			isa = PBXSourcesBuildPhase;
			buildActionMask = 2147483647;
			files = (
			);
			runOnlyForDeploymentPostprocessing = 0;
		};
		2A6DB89D2F10B1910040EBAA /* Sources */ = {
			isa = PBXSourcesBuildPhase;
			buildActionMask = 2147483647;
			files = (
			);
			runOnlyForDeploymentPostprocessing = 0;
		};
		2A6DB8A72F10B1910040EBAA /* Sources */ = {
			isa = PBXSourcesBuildPhase;
			buildActionMask = 2147483647;
			files = (
			);
			runOnlyForDeploymentPostprocessing = 0;
		};
		2A6DB8C42F115AE80040EBAA /* Sources */ = {
			isa = PBXSourcesBuildPhase;
			buildActionMask = 2147483647;
			files = (
				2A6DB9412F1169CA0040EBAA /* SimpleWalkWidgetsLiveActivity.swift in Sources */,
				2A6DB9422F1169CA0040EBAA /* SimpleWalkWidgetsBundle.swift in Sources */,
				2A6DB9432F1169CA0040EBAA /* SimpleWalkWidgets.swift in Sources */,
				2A6DB9512F1169CA0040EBAA /* OpenAppIntent.swift in Sources */,
				2A6DB9542F1169CA0040EBAA /* WalkControlWidget.swift in Sources */,
				2A6DB9572F1169CA0040EBAA /* ClassicWalkLiveActivity.swift in Sources */,
				2A6DB9592F1169CA0040EBAA /* EndWalkIntent.swift in Sources */,
				2A6DB95D2F1169CA0040EBAA /* WalkActivityAttributes.swift in Sources */,
			);
			runOnlyForDeploymentPostprocessing = 0;
		};
		2A6DB8E22F115CAB0040EBAA /* Sources */ = {
			isa = PBXSourcesBuildPhase;
			buildActionMask = 2147483647;
			files = (
				2A6DB9372F1169CA0040EBAA /* SimpleWalkWidgetsLiveActivity.swift in Sources */,
				2A6DB9382F1169CA0040EBAA /* SimpleWalkWidgetsBundle.swift in Sources */,
				2A6DB9392F1169CA0040EBAA /* SimpleWalkWidgets.swift in Sources */,
				2A6DB9522F1169CA0040EBAA /* OpenAppIntent.swift in Sources */,
				2A6DB9552F1169CA0040EBAA /* WalkControlWidget.swift in Sources */,
				2A6DB9582F1169CA0040EBAA /* ClassicWalkLiveActivity.swift in Sources */,
				2A6DB95B2F1169CA0040EBAA /* EndWalkIntent.swift in Sources */,
				2A6DB95E2F1169CA0040EBAA /* WalkActivityAttributes.swift in Sources */,
			);
			runOnlyForDeploymentPostprocessing = 0;
		};
/* End PBXSourcesBuildPhase section */

/* Begin PBXTargetDependency section */
		2A26CB7C2F100BC60068C0B0 /* PBXTargetDependency */ = {
			isa = PBXTargetDependency;
			target = 2A26CB6A2F100BC50068C0B0 /* Just Walk */;
			targetProxy = 2A26CB7B2F100BC60068C0B0 /* PBXContainerItemProxy */;
		};
		2A26CB862F100BC60068C0B0 /* PBXTargetDependency */ = {
			isa = PBXTargetDependency;
			target = 2A26CB6A2F100BC50068C0B0 /* Just Walk */;
			targetProxy = 2A26CB852F100BC60068C0B0 /* PBXContainerItemProxy */;
		};
		2A6DB8A32F10B1910040EBAA /* PBXTargetDependency */ = {
			isa = PBXTargetDependency;
			target = 2A6DB8942F10B1900040EBAA /* Just Walk (Apple Watch) Watch App */;
			targetProxy = 2A6DB8A22F10B1910040EBAA /* PBXContainerItemProxy */;
		};
		2A6DB8AD2F10B1910040EBAA /* PBXTargetDependency */ = {
			isa = PBXTargetDependency;
			target = 2A6DB8942F10B1900040EBAA /* Just Walk (Apple Watch) Watch App */;
			targetProxy = 2A6DB8AC2F10B1910040EBAA /* PBXContainerItemProxy */;
		};
		2A6DB8B42F10B1910040EBAA /* PBXTargetDependency */ = {
			isa = PBXTargetDependency;
			target = 2A6DB8942F10B1900040EBAA /* Just Walk (Apple Watch) Watch App */;
			targetProxy = 2A6DB8B32F10B1910040EBAA /* PBXContainerItemProxy */;
		};
		2A6DB8DB2F115AE90040EBAA /* PBXTargetDependency */ = {
			isa = PBXTargetDependency;
			target = 2A6DB8C72F115AE80040EBAA /* SimpleWalkWidgetsExtension */;
			targetProxy = 2A6DB8DA2F115AE90040EBAA /* PBXContainerItemProxy */;
		};
		2A6DB8F82F115CAC0040EBAA /* PBXTargetDependency */ = {
			isa = PBXTargetDependency;
			target = 2A6DB8E52F115CAB0040EBAA /* SimpleWalkWidgetsExtension */;
			targetProxy = 2A6DB8F72F115CAC0040EBAA /* PBXContainerItemProxy */;
		};
/* End PBXTargetDependency section */

/* Begin XCBuildConfiguration section */
		2A26CB8C2F100BC60068C0B0 /* Debug */ = {
			isa = XCBuildConfiguration;
			buildSettings = {
				ALWAYS_SEARCH_USER_PATHS = NO;
				ASSETCATALOG_COMPILER_GENERATE_SWIFT_ASSET_SYMBOL_EXTENSIONS = YES;
				CLANG_ANALYZER_NONNULL = YES;
				CLANG_ANALYZER_NUMBER_OBJECT_CONVERSION = YES_AGGRESSIVE;
				CLANG_CXX_LANGUAGE_STANDARD = "gnu++20";
				CLANG_ENABLE_MODULES = YES;
				CLANG_ENABLE_OBJC_ARC = YES;
				CLANG_ENABLE_OBJC_WEAK = YES;
				CLANG_WARN_BLOCK_CAPTURE_AUTORELEASING = YES;
				CLANG_WARN_BOOL_CONVERSION = YES;
				CLANG_WARN_COMMA = YES;
				CLANG_WARN_CONSTANT_CONVERSION = YES;
				CLANG_WARN_DEPRECATED_OBJC_IMPLEMENTATIONS = YES;
				CLANG_WARN_DIRECT_OBJC_ISA_USAGE = YES_ERROR;
				CLANG_WARN_DOCUMENTATION_COMMENTS = YES;
				CLANG_WARN_EMPTY_BODY = YES;
				CLANG_WARN_ENUM_CONVERSION = YES;
				CLANG_WARN_INFINITE_RECURSION = YES;
				CLANG_WARN_INT_CONVERSION = YES;
				CLANG_WARN_NON_LITERAL_NULL_CONVERSION = YES;
				CLANG_WARN_OBJC_IMPLICIT_RETAIN_SELF = YES;
				CLANG_WARN_OBJC_LITERAL_CONVERSION = YES;
				CLANG_WARN_OBJC_ROOT_CLASS = YES_ERROR;
				CLANG_WARN_QUOTED_INCLUDE_IN_FRAMEWORK_HEADER = YES;
				CLANG_WARN_RANGE_LOOP_ANALYSIS = YES;
				CLANG_WARN_STRICT_PROTOTYPES = YES;
				CLANG_WARN_SUSPICIOUS_MOVE = YES;
				CLANG_WARN_UNGUARDED_AVAILABILITY = YES_AGGRESSIVE;
				CLANG_WARN_UNREACHABLE_CODE = YES;
				CLANG_WARN__DUPLICATE_METHOD_MATCH = YES;
				COPY_PHASE_STRIP = NO;
				CURRENT_PROJECT_VERSION = 45;
				DEBUG_INFORMATION_FORMAT = dwarf;
				ENABLE_STRICT_OBJC_MSGSEND = YES;
				ENABLE_TESTABILITY = YES;
				ENABLE_USER_SCRIPT_SANDBOXING = YES;
				GCC_C_LANGUAGE_STANDARD = gnu17;
				GCC_DYNAMIC_NO_PIC = NO;
				GCC_NO_COMMON_BLOCKS = YES;
				GCC_OPTIMIZATION_LEVEL = 0;
				GCC_PREPROCESSOR_DEFINITIONS = (
					"DEBUG=1",
					"$(inherited)",
				);
				GCC_WARN_64_TO_32_BIT_CONVERSION = YES;
				GCC_WARN_ABOUT_RETURN_TYPE = YES_ERROR;
				GCC_WARN_UNDECLARED_SELECTOR = YES;
				GCC_WARN_UNINITIALIZED_AUTOS = YES_AGGRESSIVE;
				GCC_WARN_UNUSED_FUNCTION = YES;
				GCC_WARN_UNUSED_VARIABLE = YES;
				IPHONEOS_DEPLOYMENT_TARGET = 17.0;
				LOCALIZATION_PREFERS_STRING_CATALOGS = YES;
				MTL_ENABLE_DEBUG_INFO = INCLUDE_SOURCE;
				MTL_FAST_MATH = YES;
				ONLY_ACTIVE_ARCH = YES;
				SDKROOT = iphoneos;
				STRING_CATALOG_GENERATE_SYMBOLS = YES;
				SWIFT_ACTIVE_COMPILATION_CONDITIONS = "DEBUG $(inherited)";
				SWIFT_OPTIMIZATION_LEVEL = "-Onone";
			};
			name = Debug;
		};
		2A26CB8D2F100BC60068C0B0 /* Release */ = {
			isa = XCBuildConfiguration;
			buildSettings = {
				ALWAYS_SEARCH_USER_PATHS = NO;
				ASSETCATALOG_COMPILER_GENERATE_SWIFT_ASSET_SYMBOL_EXTENSIONS = YES;
				CLANG_ANALYZER_NONNULL = YES;
				CLANG_ANALYZER_NUMBER_OBJECT_CONVERSION = YES_AGGRESSIVE;
				CLANG_CXX_LANGUAGE_STANDARD = "gnu++20";
				CLANG_ENABLE_MODULES = YES;
				CLANG_ENABLE_OBJC_ARC = YES;
				CLANG_ENABLE_OBJC_WEAK = YES;
				CLANG_WARN_BLOCK_CAPTURE_AUTORELEASING = YES;
				CLANG_WARN_BOOL_CONVERSION = YES;
				CLANG_WARN_COMMA = YES;
				CLANG_WARN_CONSTANT_CONVERSION = YES;
				CLANG_WARN_DEPRECATED_OBJC_IMPLEMENTATIONS = YES;
				CLANG_WARN_DIRECT_OBJC_ISA_USAGE = YES_ERROR;
				CLANG_WARN_DOCUMENTATION_COMMENTS = YES;
				CLANG_WARN_EMPTY_BODY = YES;
				CLANG_WARN_ENUM_CONVERSION = YES;
				CLANG_WARN_INFINITE_RECURSION = YES;
				CLANG_WARN_INT_CONVERSION = YES;
				CLANG_WARN_NON_LITERAL_NULL_CONVERSION = YES;
				CLANG_WARN_OBJC_IMPLICIT_RETAIN_SELF = YES;
				CLANG_WARN_OBJC_LITERAL_CONVERSION = YES;
				CLANG_WARN_OBJC_ROOT_CLASS = YES_ERROR;
				CLANG_WARN_QUOTED_INCLUDE_IN_FRAMEWORK_HEADER = YES;
				CLANG_WARN_RANGE_LOOP_ANALYSIS = YES;
				CLANG_WARN_STRICT_PROTOTYPES = YES;
				CLANG_WARN_SUSPICIOUS_MOVE = YES;
				CLANG_WARN_UNGUARDED_AVAILABILITY = YES_AGGRESSIVE;
				CLANG_WARN_UNREACHABLE_CODE = YES;
				CLANG_WARN__DUPLICATE_METHOD_MATCH = YES;
				COPY_PHASE_STRIP = NO;
				CURRENT_PROJECT_VERSION = 45;
				DEBUG_INFORMATION_FORMAT = "dwarf-with-dsym";
				ENABLE_NS_ASSERTIONS = NO;
				ENABLE_STRICT_OBJC_MSGSEND = YES;
				ENABLE_USER_SCRIPT_SANDBOXING = YES;
				GCC_C_LANGUAGE_STANDARD = gnu17;
				GCC_NO_COMMON_BLOCKS = YES;
				GCC_WARN_64_TO_32_BIT_CONVERSION = YES;
				GCC_WARN_ABOUT_RETURN_TYPE = YES_ERROR;
				GCC_WARN_UNDECLARED_SELECTOR = YES;
				GCC_WARN_UNINITIALIZED_AUTOS = YES_AGGRESSIVE;
				GCC_WARN_UNUSED_FUNCTION = YES;
				GCC_WARN_UNUSED_VARIABLE = YES;
				IPHONEOS_DEPLOYMENT_TARGET = 17.0;
				LOCALIZATION_PREFERS_STRING_CATALOGS = YES;
				MTL_ENABLE_DEBUG_INFO = NO;
				MTL_FAST_MATH = YES;
				SDKROOT = iphoneos;
				STRING_CATALOG_GENERATE_SYMBOLS = YES;
				SWIFT_COMPILATION_MODE = wholemodule;
				VALIDATE_PRODUCT = YES;
			};
			name = Release;
		};
		2A26CB8F2F100BC60068C0B0 /* Debug */ = {
			isa = XCBuildConfiguration;
			buildSettings = {
				ASSETCATALOG_COMPILER_APPICON_NAME = AppIcon;
				ASSETCATALOG_COMPILER_GLOBAL_ACCENT_COLOR_NAME = AccentColor;
				CODE_SIGN_ENTITLEMENTS = "Just Walk/Just Walk.entitlements";
				CODE_SIGN_STYLE = Automatic;
				CURRENT_PROJECT_VERSION = 45;
				DEVELOPMENT_TEAM = L3266HR998;
				ENABLE_PREVIEWS = YES;
				GENERATE_INFOPLIST_FILE = NO;
				INFOPLIST_FILE = "Just Walk/Info.plist";
				INFOPLIST_KEY_CFBundleDisplayName = "Just Walk";
				INFOPLIST_KEY_NSMotionUsageDescription = "Just Walk uses motion data to track your steps in real-time during walking sessions and provide live feedback during Interval Walking Training.";
				INFOPLIST_KEY_UIApplicationSceneManifest_Generation = YES;
				INFOPLIST_KEY_UIApplicationSupportsIndirectInputEvents = YES;
				INFOPLIST_KEY_UILaunchScreen_Generation = NO;
				INFOPLIST_KEY_UISupportedInterfaceOrientations_iPad = "UIInterfaceOrientationPortrait UIInterfaceOrientationPortraitUpsideDown UIInterfaceOrientationLandscapeLeft UIInterfaceOrientationLandscapeRight";
				INFOPLIST_KEY_UISupportedInterfaceOrientations_iPhone = "UIInterfaceOrientationPortrait UIInterfaceOrientationLandscapeLeft UIInterfaceOrientationLandscapeRight";
				IPHONEOS_DEPLOYMENT_TARGET = 17.6;
				LD_RUNPATH_SEARCH_PATHS = (
					"$(inherited)",
					"@executable_path/Frameworks",
				);
				MARKETING_VERSION = 1.0;
				PRODUCT_BUNDLE_IDENTIFIER = "onworldtech.Just-Walk";
				PRODUCT_NAME = "$(TARGET_NAME)";
				STRING_CATALOG_GENERATE_SYMBOLS = YES;
				SUPPORTED_PLATFORMS = "iphoneos iphonesimulator";
				SUPPORTS_MACCATALYST = NO;
				SUPPORTS_MAC_DESIGNED_FOR_IPHONE_IPAD = NO;
				SUPPORTS_XR_DESIGNED_FOR_IPHONE_IPAD = NO;
				SWIFT_APPROACHABLE_CONCURRENCY = YES;
				SWIFT_DEFAULT_ACTOR_ISOLATION = MainActor;
				SWIFT_EMIT_LOC_STRINGS = YES;
				SWIFT_UPCOMING_FEATURE_MEMBER_IMPORT_VISIBILITY = YES;
				SWIFT_VERSION = 5.0;
				TARGETED_DEVICE_FAMILY = 1;
			};
			name = Debug;
		};
		2A26CB902F100BC60068C0B0 /* Release */ = {
			isa = XCBuildConfiguration;
			buildSettings = {
				ASSETCATALOG_COMPILER_APPICON_NAME = AppIcon;
				ASSETCATALOG_COMPILER_GLOBAL_ACCENT_COLOR_NAME = AccentColor;
				CODE_SIGN_ENTITLEMENTS = "Just Walk/Just Walk.entitlements";
				CODE_SIGN_STYLE = Automatic;
				CURRENT_PROJECT_VERSION = 45;
				DEVELOPMENT_TEAM = L3266HR998;
				ENABLE_PREVIEWS = YES;
				GENERATE_INFOPLIST_FILE = NO;
				INFOPLIST_FILE = "Just Walk/Info.plist";
				INFOPLIST_KEY_CFBundleDisplayName = "Just Walk";
				INFOPLIST_KEY_NSMotionUsageDescription = "Just Walk uses motion data to track your steps in real-time during walking sessions and provide live feedback during Interval Walking Training.";
				INFOPLIST_KEY_UIApplicationSceneManifest_Generation = YES;
				INFOPLIST_KEY_UIApplicationSupportsIndirectInputEvents = YES;
				INFOPLIST_KEY_UILaunchScreen_Generation = NO;
				INFOPLIST_KEY_UISupportedInterfaceOrientations_iPad = "UIInterfaceOrientationPortrait UIInterfaceOrientationPortraitUpsideDown UIInterfaceOrientationLandscapeLeft UIInterfaceOrientationLandscapeRight";
				INFOPLIST_KEY_UISupportedInterfaceOrientations_iPhone = "UIInterfaceOrientationPortrait UIInterfaceOrientationLandscapeLeft UIInterfaceOrientationLandscapeRight";
				IPHONEOS_DEPLOYMENT_TARGET = 17.6;
				LD_RUNPATH_SEARCH_PATHS = (
					"$(inherited)",
					"@executable_path/Frameworks",
				);
				MARKETING_VERSION = 1.0;
				PRODUCT_BUNDLE_IDENTIFIER = "onworldtech.Just-Walk";
				PRODUCT_NAME = "$(TARGET_NAME)";
				STRING_CATALOG_GENERATE_SYMBOLS = YES;
				SUPPORTED_PLATFORMS = "iphoneos iphonesimulator";
				SUPPORTS_MACCATALYST = NO;
				SUPPORTS_MAC_DESIGNED_FOR_IPHONE_IPAD = NO;
				SUPPORTS_XR_DESIGNED_FOR_IPHONE_IPAD = NO;
				SWIFT_APPROACHABLE_CONCURRENCY = YES;
				SWIFT_DEFAULT_ACTOR_ISOLATION = MainActor;
				SWIFT_EMIT_LOC_STRINGS = YES;
				SWIFT_UPCOMING_FEATURE_MEMBER_IMPORT_VISIBILITY = YES;
				SWIFT_VERSION = 5.0;
				TARGETED_DEVICE_FAMILY = 1;
			};
			name = Release;
		};
		2A26CB922F100BC60068C0B0 /* Debug */ = {
			isa = XCBuildConfiguration;
			buildSettings = {
				BUNDLE_LOADER = "$(TEST_HOST)";
				CODE_SIGN_STYLE = Automatic;
				CURRENT_PROJECT_VERSION = 45;
				GENERATE_INFOPLIST_FILE = YES;
				IPHONEOS_DEPLOYMENT_TARGET = 18.6;
				MARKETING_VERSION = 1.0;
				PRODUCT_BUNDLE_IDENTIFIER = "onworldtech.Just-WalkTests";
				PRODUCT_NAME = "$(TARGET_NAME)";
				STRING_CATALOG_GENERATE_SYMBOLS = NO;
				SWIFT_APPROACHABLE_CONCURRENCY = YES;
				SWIFT_EMIT_LOC_STRINGS = NO;
				SWIFT_UPCOMING_FEATURE_MEMBER_IMPORT_VISIBILITY = YES;
				SWIFT_VERSION = 5.0;
				TARGETED_DEVICE_FAMILY = "1,2";
				TEST_HOST = "$(BUILT_PRODUCTS_DIR)/Just Walk.app/$(BUNDLE_EXECUTABLE_FOLDER_PATH)/Just Walk";
			};
			name = Debug;
		};
		2A26CB932F100BC60068C0B0 /* Release */ = {
			isa = XCBuildConfiguration;
			buildSettings = {
				BUNDLE_LOADER = "$(TEST_HOST)";
				CODE_SIGN_STYLE = Automatic;
				CURRENT_PROJECT_VERSION = 45;
				GENERATE_INFOPLIST_FILE = YES;
				IPHONEOS_DEPLOYMENT_TARGET = 18.6;
				MARKETING_VERSION = 1.0;
				PRODUCT_BUNDLE_IDENTIFIER = "onworldtech.Just-WalkTests";
				PRODUCT_NAME = "$(TARGET_NAME)";
				STRING_CATALOG_GENERATE_SYMBOLS = NO;
				SWIFT_APPROACHABLE_CONCURRENCY = YES;
				SWIFT_EMIT_LOC_STRINGS = NO;
				SWIFT_UPCOMING_FEATURE_MEMBER_IMPORT_VISIBILITY = YES;
				SWIFT_VERSION = 5.0;
				TARGETED_DEVICE_FAMILY = "1,2";
				TEST_HOST = "$(BUILT_PRODUCTS_DIR)/Just Walk.app/$(BUNDLE_EXECUTABLE_FOLDER_PATH)/Just Walk";
			};
			name = Release;
		};
		2A26CB952F100BC60068C0B0 /* Debug */ = {
			isa = XCBuildConfiguration;
			buildSettings = {
				CODE_SIGN_STYLE = Automatic;
				CURRENT_PROJECT_VERSION = 45;
				GENERATE_INFOPLIST_FILE = YES;
				MARKETING_VERSION = 1.0;
				PRODUCT_BUNDLE_IDENTIFIER = "onworldtech.Just-WalkUITests";
				PRODUCT_NAME = "$(TARGET_NAME)";
				STRING_CATALOG_GENERATE_SYMBOLS = NO;
				SWIFT_APPROACHABLE_CONCURRENCY = YES;
				SWIFT_EMIT_LOC_STRINGS = NO;
				SWIFT_UPCOMING_FEATURE_MEMBER_IMPORT_VISIBILITY = YES;
				SWIFT_VERSION = 5.0;
				TARGETED_DEVICE_FAMILY = "1,2";
				TEST_TARGET_NAME = "Just Walk";
			};
			name = Debug;
		};
		2A26CB962F100BC60068C0B0 /* Release */ = {
			isa = XCBuildConfiguration;
			buildSettings = {
				CODE_SIGN_STYLE = Automatic;
				CURRENT_PROJECT_VERSION = 45;
				GENERATE_INFOPLIST_FILE = YES;
				MARKETING_VERSION = 1.0;
				PRODUCT_BUNDLE_IDENTIFIER = "onworldtech.Just-WalkUITests";
				PRODUCT_NAME = "$(TARGET_NAME)";
				STRING_CATALOG_GENERATE_SYMBOLS = NO;
				SWIFT_APPROACHABLE_CONCURRENCY = YES;
				SWIFT_EMIT_LOC_STRINGS = NO;
				SWIFT_UPCOMING_FEATURE_MEMBER_IMPORT_VISIBILITY = YES;
				SWIFT_VERSION = 5.0;
				TARGETED_DEVICE_FAMILY = "1,2";
				TEST_TARGET_NAME = "Just Walk";
			};
			name = Release;
		};
		2A6DB8B72F10B1910040EBAA /* Debug */ = {
			isa = XCBuildConfiguration;
			buildSettings = {
				ASSETCATALOG_COMPILER_APPICON_NAME = AppIcon;
				ASSETCATALOG_COMPILER_GLOBAL_ACCENT_COLOR_NAME = AccentColor;
				CODE_SIGN_ENTITLEMENTS = "Just Walk (Apple Watch) Watch App/Just Walk (Apple Watch) Watch App.entitlements";
				CODE_SIGN_STYLE = Automatic;
				CURRENT_PROJECT_VERSION = 45;
				DEVELOPMENT_TEAM = L3266HR998;
				ENABLE_PREVIEWS = YES;
				GENERATE_INFOPLIST_FILE = YES;
				INFOPLIST_FILE = "Just-Walk--Apple-Watch--Watch-App-Info.plist";
				INFOPLIST_KEY_CFBundleDisplayName = "Just Walk";
				INFOPLIST_KEY_NSHealthShareUsageDescription = "Tracking steps";
				INFOPLIST_KEY_NSHealthUpdateUsageDescription = "Saving workouts";
				INFOPLIST_KEY_NSMotionUsageDescription = "We track your steps using the motion sensor.";
				INFOPLIST_KEY_UISupportedInterfaceOrientations = "UIInterfaceOrientationPortrait UIInterfaceOrientationPortraitUpsideDown";
				INFOPLIST_KEY_WKCompanionAppBundleIdentifier = "onworldtech.Just-Walk";
				LD_RUNPATH_SEARCH_PATHS = (
					"$(inherited)",
					"@executable_path/Frameworks",
				);
				MARKETING_VERSION = 1.0;
				PRODUCT_BUNDLE_IDENTIFIER = "onworldtech.Just-Walk.watchkitapp--";
				PRODUCT_NAME = SimpleWalkWatch;
				SDKROOT = watchos;
				SKIP_INSTALL = YES;
				STRING_CATALOG_GENERATE_SYMBOLS = YES;
				SWIFT_APPROACHABLE_CONCURRENCY = YES;
				SWIFT_DEFAULT_ACTOR_ISOLATION = MainActor;
				SWIFT_EMIT_LOC_STRINGS = YES;
				SWIFT_UPCOMING_FEATURE_MEMBER_IMPORT_VISIBILITY = YES;
				SWIFT_VERSION = 5.0;
				TARGETED_DEVICE_FAMILY = 4;
				WATCHOS_DEPLOYMENT_TARGET = 11.6;
			};
			name = Debug;
		};
		2A6DB8B82F10B1910040EBAA /* Release */ = {
			isa = XCBuildConfiguration;
			buildSettings = {
				ASSETCATALOG_COMPILER_APPICON_NAME = AppIcon;
				ASSETCATALOG_COMPILER_GLOBAL_ACCENT_COLOR_NAME = AccentColor;
				CODE_SIGN_ENTITLEMENTS = "Just Walk (Apple Watch) Watch App/Just Walk (Apple Watch) Watch App.entitlements";
				CODE_SIGN_STYLE = Automatic;
				CURRENT_PROJECT_VERSION = 45;
				DEVELOPMENT_TEAM = L3266HR998;
				ENABLE_PREVIEWS = YES;
				GENERATE_INFOPLIST_FILE = YES;
				INFOPLIST_FILE = "Just-Walk--Apple-Watch--Watch-App-Info.plist";
				INFOPLIST_KEY_CFBundleDisplayName = "Just Walk";
				INFOPLIST_KEY_NSHealthShareUsageDescription = "Tracking steps";
				INFOPLIST_KEY_NSHealthUpdateUsageDescription = "Saving workouts";
				INFOPLIST_KEY_NSMotionUsageDescription = "We track your steps using the motion sensor.";
				INFOPLIST_KEY_UISupportedInterfaceOrientations = "UIInterfaceOrientationPortrait UIInterfaceOrientationPortraitUpsideDown";
				INFOPLIST_KEY_WKCompanionAppBundleIdentifier = "onworldtech.Just-Walk";
				LD_RUNPATH_SEARCH_PATHS = (
					"$(inherited)",
					"@executable_path/Frameworks",
				);
				MARKETING_VERSION = 1.0;
				PRODUCT_BUNDLE_IDENTIFIER = "onworldtech.Just-Walk.watchkitapp--";
				PRODUCT_NAME = SimpleWalkWatch;
				SDKROOT = watchos;
				SKIP_INSTALL = YES;
				STRING_CATALOG_GENERATE_SYMBOLS = YES;
				SWIFT_APPROACHABLE_CONCURRENCY = YES;
				SWIFT_DEFAULT_ACTOR_ISOLATION = MainActor;
				SWIFT_EMIT_LOC_STRINGS = YES;
				SWIFT_UPCOMING_FEATURE_MEMBER_IMPORT_VISIBILITY = YES;
				SWIFT_VERSION = 5.0;
				TARGETED_DEVICE_FAMILY = 4;
				WATCHOS_DEPLOYMENT_TARGET = 11.6;
			};
			name = Release;
		};
		2A6DB8BB2F10B1910040EBAA /* Debug */ = {
			isa = XCBuildConfiguration;
			buildSettings = {
				BUNDLE_LOADER = "$(TEST_HOST)";
				CODE_SIGN_STYLE = Automatic;
				CURRENT_PROJECT_VERSION = 45;
				GENERATE_INFOPLIST_FILE = YES;
				MARKETING_VERSION = 1.0;
				PRODUCT_BUNDLE_IDENTIFIER = "onworldtech.Just-Walk--Apple-Watch--Watch-AppTests";
				PRODUCT_NAME = "$(TARGET_NAME)";
				SDKROOT = watchos;
				STRING_CATALOG_GENERATE_SYMBOLS = NO;
				SWIFT_APPROACHABLE_CONCURRENCY = YES;
				SWIFT_EMIT_LOC_STRINGS = NO;
				SWIFT_UPCOMING_FEATURE_MEMBER_IMPORT_VISIBILITY = YES;
				SWIFT_VERSION = 5.0;
				TARGETED_DEVICE_FAMILY = 4;
				TEST_HOST = "$(BUILT_PRODUCTS_DIR)/Just Walk (Apple Watch) Watch App.app/$(BUNDLE_EXECUTABLE_FOLDER_PATH)/Just Walk (Apple Watch) Watch App";
				WATCHOS_DEPLOYMENT_TARGET = 11.6;
			};
			name = Debug;
		};
		2A6DB8BC2F10B1910040EBAA /* Release */ = {
			isa = XCBuildConfiguration;
			buildSettings = {
				BUNDLE_LOADER = "$(TEST_HOST)";
				CODE_SIGN_STYLE = Automatic;
				CURRENT_PROJECT_VERSION = 45;
				GENERATE_INFOPLIST_FILE = YES;
				MARKETING_VERSION = 1.0;
				PRODUCT_BUNDLE_IDENTIFIER = "onworldtech.Just-Walk--Apple-Watch--Watch-AppTests";
				PRODUCT_NAME = "$(TARGET_NAME)";
				SDKROOT = watchos;
				STRING_CATALOG_GENERATE_SYMBOLS = NO;
				SWIFT_APPROACHABLE_CONCURRENCY = YES;
				SWIFT_EMIT_LOC_STRINGS = NO;
				SWIFT_UPCOMING_FEATURE_MEMBER_IMPORT_VISIBILITY = YES;
				SWIFT_VERSION = 5.0;
				TARGETED_DEVICE_FAMILY = 4;
				TEST_HOST = "$(BUILT_PRODUCTS_DIR)/Just Walk (Apple Watch) Watch App.app/$(BUNDLE_EXECUTABLE_FOLDER_PATH)/Just Walk (Apple Watch) Watch App";
				WATCHOS_DEPLOYMENT_TARGET = 11.6;
			};
			name = Release;
		};
		2A6DB8BE2F10B1910040EBAA /* Debug */ = {
			isa = XCBuildConfiguration;
			buildSettings = {
				CODE_SIGN_STYLE = Automatic;
				CURRENT_PROJECT_VERSION = 45;
				GENERATE_INFOPLIST_FILE = YES;
				MARKETING_VERSION = 1.0;
				PRODUCT_BUNDLE_IDENTIFIER = "onworldtech.Just-Walk--Apple-Watch--Watch-AppUITests";
				PRODUCT_NAME = "$(TARGET_NAME)";
				SDKROOT = watchos;
				STRING_CATALOG_GENERATE_SYMBOLS = NO;
				SWIFT_APPROACHABLE_CONCURRENCY = YES;
				SWIFT_EMIT_LOC_STRINGS = NO;
				SWIFT_UPCOMING_FEATURE_MEMBER_IMPORT_VISIBILITY = YES;
				SWIFT_VERSION = 5.0;
				TARGETED_DEVICE_FAMILY = 4;
				TEST_TARGET_NAME = "Just Walk (Apple Watch) Watch App";
				WATCHOS_DEPLOYMENT_TARGET = 11.6;
			};
			name = Debug;
		};
		2A6DB8BF2F10B1910040EBAA /* Release */ = {
			isa = XCBuildConfiguration;
			buildSettings = {
				CODE_SIGN_STYLE = Automatic;
				CURRENT_PROJECT_VERSION = 45;
				GENERATE_INFOPLIST_FILE = YES;
				MARKETING_VERSION = 1.0;
				PRODUCT_BUNDLE_IDENTIFIER = "onworldtech.Just-Walk--Apple-Watch--Watch-AppUITests";
				PRODUCT_NAME = "$(TARGET_NAME)";
				SDKROOT = watchos;
				STRING_CATALOG_GENERATE_SYMBOLS = NO;
				SWIFT_APPROACHABLE_CONCURRENCY = YES;
				SWIFT_EMIT_LOC_STRINGS = NO;
				SWIFT_UPCOMING_FEATURE_MEMBER_IMPORT_VISIBILITY = YES;
				SWIFT_VERSION = 5.0;
				TARGETED_DEVICE_FAMILY = 4;
				TEST_TARGET_NAME = "Just Walk (Apple Watch) Watch App";
				WATCHOS_DEPLOYMENT_TARGET = 11.6;
			};
			name = Release;
		};
		2A6DB8DE2F115AE90040EBAA /* Debug */ = {
			isa = XCBuildConfiguration;
			buildSettings = {
				ASSETCATALOG_COMPILER_GLOBAL_ACCENT_COLOR_NAME = AccentColor;
				ASSETCATALOG_COMPILER_WIDGET_BACKGROUND_COLOR_NAME = WidgetBackground;
				CODE_SIGN_ENTITLEMENTS = SimpleWalkWidgetsExtension.entitlements;
				CODE_SIGN_STYLE = Automatic;
				CURRENT_PROJECT_VERSION = 45;
				DEVELOPMENT_TEAM = L3266HR998;
				GENERATE_INFOPLIST_FILE = YES;
				INFOPLIST_FILE = SimpleWalkWidgets/Info.plist;
				INFOPLIST_KEY_CFBundleDisplayName = SimpleWalkWidgets;
				INFOPLIST_KEY_NSHumanReadableCopyright = "";
				LD_RUNPATH_SEARCH_PATHS = (
					"$(inherited)",
					"@executable_path/Frameworks",
					"@executable_path/../../Frameworks",
					"@executable_path/../../../../Frameworks",
				);
				MARKETING_VERSION = 1.0;
				PRODUCT_BUNDLE_IDENTIFIER = "onworldtech.Just-Walk.watchkitapp--.SimpleWalkWidgets";
				PRODUCT_NAME = "$(TARGET_NAME)";
				SDKROOT = watchos;
				SKIP_INSTALL = YES;
				STRING_CATALOG_GENERATE_SYMBOLS = YES;
				SWIFT_APPROACHABLE_CONCURRENCY = YES;
				SWIFT_EMIT_LOC_STRINGS = YES;
				SWIFT_UPCOMING_FEATURE_MEMBER_IMPORT_VISIBILITY = YES;
				SWIFT_VERSION = 5.0;
				TARGETED_DEVICE_FAMILY = 4;
				WATCHOS_DEPLOYMENT_TARGET = 11.6;
			};
			name = Debug;
		};
		2A6DB8DF2F115AE90040EBAA /* Release */ = {
			isa = XCBuildConfiguration;
			buildSettings = {
				ASSETCATALOG_COMPILER_GLOBAL_ACCENT_COLOR_NAME = AccentColor;
				ASSETCATALOG_COMPILER_WIDGET_BACKGROUND_COLOR_NAME = WidgetBackground;
				CODE_SIGN_ENTITLEMENTS = SimpleWalkWidgetsExtension.entitlements;
				CODE_SIGN_STYLE = Automatic;
				CURRENT_PROJECT_VERSION = 45;
				DEVELOPMENT_TEAM = L3266HR998;
				GENERATE_INFOPLIST_FILE = YES;
				INFOPLIST_FILE = SimpleWalkWidgets/Info.plist;
				INFOPLIST_KEY_CFBundleDisplayName = SimpleWalkWidgets;
				INFOPLIST_KEY_NSHumanReadableCopyright = "";
				LD_RUNPATH_SEARCH_PATHS = (
					"$(inherited)",
					"@executable_path/Frameworks",
					"@executable_path/../../Frameworks",
					"@executable_path/../../../../Frameworks",
				);
				MARKETING_VERSION = 1.0;
				PRODUCT_BUNDLE_IDENTIFIER = "onworldtech.Just-Walk.watchkitapp--.SimpleWalkWidgets";
				PRODUCT_NAME = "$(TARGET_NAME)";
				SDKROOT = watchos;
				SKIP_INSTALL = YES;
				STRING_CATALOG_GENERATE_SYMBOLS = YES;
				SWIFT_APPROACHABLE_CONCURRENCY = YES;
				SWIFT_EMIT_LOC_STRINGS = YES;
				SWIFT_UPCOMING_FEATURE_MEMBER_IMPORT_VISIBILITY = YES;
				SWIFT_VERSION = 5.0;
				TARGETED_DEVICE_FAMILY = 4;
				WATCHOS_DEPLOYMENT_TARGET = 11.6;
			};
			name = Release;
		};
		2A6DB8FB2F115CAC0040EBAA /* Debug */ = {
			isa = XCBuildConfiguration;
			buildSettings = {
				ASSETCATALOG_COMPILER_GLOBAL_ACCENT_COLOR_NAME = AccentColor;
				ASSETCATALOG_COMPILER_WIDGET_BACKGROUND_COLOR_NAME = WidgetBackground;
				CODE_SIGN_ENTITLEMENTS = SimpleWalkWidgetsExtension.entitlements;
				CODE_SIGN_STYLE = Automatic;
				CURRENT_PROJECT_VERSION = 45;
				DEVELOPMENT_TEAM = L3266HR998;
				GENERATE_INFOPLIST_FILE = YES;
				INFOPLIST_FILE = SimpleWalkWidgets/Info.plist;
				INFOPLIST_KEY_CFBundleDisplayName = SimpleWalkWidgets;
				INFOPLIST_KEY_NSHumanReadableCopyright = "";
				IPHONEOS_DEPLOYMENT_TARGET = 17.6;
				LD_RUNPATH_SEARCH_PATHS = (
					"$(inherited)",
					"@executable_path/Frameworks",
					"@executable_path/../../Frameworks",
				);
				MARKETING_VERSION = 1.0;
				PRODUCT_BUNDLE_IDENTIFIER = "onworldtech.Just-Walk.SimpleWalkWidgets";
				PRODUCT_NAME = "$(TARGET_NAME)";
				SKIP_INSTALL = YES;
				STRING_CATALOG_GENERATE_SYMBOLS = YES;
				SWIFT_APPROACHABLE_CONCURRENCY = YES;
				SWIFT_EMIT_LOC_STRINGS = YES;
				SWIFT_UPCOMING_FEATURE_MEMBER_IMPORT_VISIBILITY = YES;
				SWIFT_VERSION = 5.0;
				TARGETED_DEVICE_FAMILY = "1,2";
			};
			name = Debug;
		};
		2A6DB8FC2F115CAC0040EBAA /* Release */ = {
			isa = XCBuildConfiguration;
			buildSettings = {
				ASSETCATALOG_COMPILER_GLOBAL_ACCENT_COLOR_NAME = AccentColor;
				ASSETCATALOG_COMPILER_WIDGET_BACKGROUND_COLOR_NAME = WidgetBackground;
				CODE_SIGN_ENTITLEMENTS = SimpleWalkWidgetsExtension.entitlements;
				CODE_SIGN_STYLE = Automatic;
				CURRENT_PROJECT_VERSION = 45;
				DEVELOPMENT_TEAM = L3266HR998;
				GENERATE_INFOPLIST_FILE = YES;
				INFOPLIST_FILE = SimpleWalkWidgets/Info.plist;
				INFOPLIST_KEY_CFBundleDisplayName = SimpleWalkWidgets;
				INFOPLIST_KEY_NSHumanReadableCopyright = "";
				IPHONEOS_DEPLOYMENT_TARGET = 17.6;
				LD_RUNPATH_SEARCH_PATHS = (
					"$(inherited)",
					"@executable_path/Frameworks",
					"@executable_path/../../Frameworks",
				);
				MARKETING_VERSION = 1.0;
				PRODUCT_BUNDLE_IDENTIFIER = "onworldtech.Just-Walk.SimpleWalkWidgets";
				PRODUCT_NAME = "$(TARGET_NAME)";
				SKIP_INSTALL = YES;
				STRING_CATALOG_GENERATE_SYMBOLS = YES;
				SWIFT_APPROACHABLE_CONCURRENCY = YES;
				SWIFT_EMIT_LOC_STRINGS = YES;
				SWIFT_UPCOMING_FEATURE_MEMBER_IMPORT_VISIBILITY = YES;
				SWIFT_VERSION = 5.0;
				TARGETED_DEVICE_FAMILY = "1,2";
			};
			name = Release;
		};
/* End XCBuildConfiguration section */

/* Begin XCConfigurationList section */
		2A26CB662F100BC50068C0B0 /* Build configuration list for PBXProject "Just Walk" */ = {
			isa = XCConfigurationList;
			buildConfigurations = (
				2A26CB8C2F100BC60068C0B0 /* Debug */,
				2A26CB8D2F100BC60068C0B0 /* Release */,
			);
			defaultConfigurationIsVisible = 0;
			defaultConfigurationName = Release;
		};
		2A26CB8E2F100BC60068C0B0 /* Build configuration list for PBXNativeTarget "Just Walk" */ = {
			isa = XCConfigurationList;
			buildConfigurations = (
				2A26CB8F2F100BC60068C0B0 /* Debug */,
				2A26CB902F100BC60068C0B0 /* Release */,
			);
			defaultConfigurationIsVisible = 0;
			defaultConfigurationName = Release;
		};
		2A26CB912F100BC60068C0B0 /* Build configuration list for PBXNativeTarget "Just WalkTests" */ = {
			isa = XCConfigurationList;
			buildConfigurations = (
				2A26CB922F100BC60068C0B0 /* Debug */,
				2A26CB932F100BC60068C0B0 /* Release */,
			);
			defaultConfigurationIsVisible = 0;
			defaultConfigurationName = Release;
		};
		2A26CB942F100BC60068C0B0 /* Build configuration list for PBXNativeTarget "Just WalkUITests" */ = {
			isa = XCConfigurationList;
			buildConfigurations = (
				2A26CB952F100BC60068C0B0 /* Debug */,
				2A26CB962F100BC60068C0B0 /* Release */,
			);
			defaultConfigurationIsVisible = 0;
			defaultConfigurationName = Release;
		};
		2A6DB8B62F10B1910040EBAA /* Build configuration list for PBXNativeTarget "Just Walk (Apple Watch) Watch App" */ = {
			isa = XCConfigurationList;
			buildConfigurations = (
				2A6DB8B72F10B1910040EBAA /* Debug */,
				2A6DB8B82F10B1910040EBAA /* Release */,
			);
			defaultConfigurationIsVisible = 0;
			defaultConfigurationName = Release;
		};
		2A6DB8BA2F10B1910040EBAA /* Build configuration list for PBXNativeTarget "Just Walk (Apple Watch) Watch AppTests" */ = {
			isa = XCConfigurationList;
			buildConfigurations = (
				2A6DB8BB2F10B1910040EBAA /* Debug */,
				2A6DB8BC2F10B1910040EBAA /* Release */,
			);
			defaultConfigurationIsVisible = 0;
			defaultConfigurationName = Release;
		};
		2A6DB8BD2F10B1910040EBAA /* Build configuration list for PBXNativeTarget "Just Walk (Apple Watch) Watch AppUITests" */ = {
			isa = XCConfigurationList;
			buildConfigurations = (
				2A6DB8BE2F10B1910040EBAA /* Debug */,
				2A6DB8BF2F10B1910040EBAA /* Release */,
			);
			defaultConfigurationIsVisible = 0;
			defaultConfigurationName = Release;
		};
		2A6DB8DD2F115AE90040EBAA /* Build configuration list for PBXNativeTarget "SimpleWalkWidgetsExtension" */ = {
			isa = XCConfigurationList;
			buildConfigurations = (
				2A6DB8DE2F115AE90040EBAA /* Debug */,
				2A6DB8DF2F115AE90040EBAA /* Release */,
			);
			defaultConfigurationIsVisible = 0;
			defaultConfigurationName = Release;
		};
		2A6DB8FA2F115CAC0040EBAA /* Build configuration list for PBXNativeTarget "SimpleWalkWidgetsExtension" */ = {
			isa = XCConfigurationList;
			buildConfigurations = (
				2A6DB8FB2F115CAC0040EBAA /* Debug */,
				2A6DB8FC2F115CAC0040EBAA /* Release */,
			);
			defaultConfigurationIsVisible = 0;
			defaultConfigurationName = Release;
		};
/* End XCConfigurationList section */

/* Begin XCRemoteSwiftPackageReference section */
		2A5ED7242F18AA2E00D1FFD3 /* XCRemoteSwiftPackageReference "purchases-ios" */ = {
			isa = XCRemoteSwiftPackageReference;
			repositoryURL = "https://github.com/RevenueCat/purchases-ios.git";
			requirement = {
				kind = upToNextMajorVersion;
				minimumVersion = 5.54.1;
			};
		};
		2A6B45792F14E2810043D733 /* XCRemoteSwiftPackageReference "supabase-swift" */ = {
			isa = XCRemoteSwiftPackageReference;
			repositoryURL = "https://github.com/supabase/supabase-swift";
			requirement = {
				kind = upToNextMajorVersion;
				minimumVersion = 2.5.1;
			};
		};
/* End XCRemoteSwiftPackageReference section */

/* Begin XCSwiftPackageProductDependency section */
		2A5ECDD52F15A89900D1FFD3 /* Supabase */ = {
			isa = XCSwiftPackageProductDependency;
			package = 2A6B45792F14E2810043D733 /* XCRemoteSwiftPackageReference "supabase-swift" */;
			productName = Supabase;
		};
		2A5ED7252F18AA5B00D1FFD3 /* RevenueCat */ = {
			isa = XCSwiftPackageProductDependency;
			package = 2A5ED7242F18AA2E00D1FFD3 /* XCRemoteSwiftPackageReference "purchases-ios" */;
			productName = RevenueCat;
		};
		2A5ED7272F18AA6000D1FFD3 /* RevenueCatUI */ = {
			isa = XCSwiftPackageProductDependency;
			package = 2A5ED7242F18AA2E00D1FFD3 /* XCRemoteSwiftPackageReference "purchases-ios" */;
			productName = RevenueCatUI;
		};
		2A6B457A2F14E2810043D733 /* Auth */ = {
			isa = XCSwiftPackageProductDependency;
			package = 2A6B45792F14E2810043D733 /* XCRemoteSwiftPackageReference "supabase-swift" */;
			productName = Auth;
		};
		2A6B457C2F14E2810043D733 /* Functions */ = {
			isa = XCSwiftPackageProductDependency;
			package = 2A6B45792F14E2810043D733 /* XCRemoteSwiftPackageReference "supabase-swift" */;
			productName = Functions;
		};
		2A6B457E2F14E2810043D733 /* PostgREST */ = {
			isa = XCSwiftPackageProductDependency;
			package = 2A6B45792F14E2810043D733 /* XCRemoteSwiftPackageReference "supabase-swift" */;
			productName = PostgREST;
		};
		2A6B45802F14E2810043D733 /* Realtime */ = {
			isa = XCSwiftPackageProductDependency;
			package = 2A6B45792F14E2810043D733 /* XCRemoteSwiftPackageReference "supabase-swift" */;
			productName = Realtime;
		};
		2A6B45822F14E2810043D733 /* Storage */ = {
			isa = XCSwiftPackageProductDependency;
			package = 2A6B45792F14E2810043D733 /* XCRemoteSwiftPackageReference "supabase-swift" */;
			productName = Storage;
		};
/* End XCSwiftPackageProductDependency section */
	};
	rootObject = 2A26CB632F100BC50068C0B0 /* Project object */;
}
