// !$*UTF8*$!
{
	archiveVersion = 1;
	classes = {
	};
	objectVersion = 77;
	objects = {

/* Begin PBXBuildFile section */
		2A0F43022F23DCA000866B22 /* JustWalkWatch Watch App.app in Embed Watch Content */ = {isa = PBXBuildFile; fileRef = 2A0F42E22F23DC9F00866B22 /* JustWalkWatch Watch App.app */; settings = {ATTRIBUTES = (RemoveHeadersOnCopy, ); }; };
		2A3BEF4C2F27666F00C3D8FA /* WidgetKit.framework in Frameworks */ = {isa = PBXBuildFile; fileRef = 2A3BEF4B2F27666F00C3D8FA /* WidgetKit.framework */; };
		2A3BEF4E2F27666F00C3D8FA /* SwiftUI.framework in Frameworks */ = {isa = PBXBuildFile; fileRef = 2A3BEF4D2F27666F00C3D8FA /* SwiftUI.framework */; };
		2A3BEF5D2F27667000C3D8FA /* JustWalk WidgetsExtension.appex in Embed Foundation Extensions */ = {isa = PBXBuildFile; fileRef = 2A3BEF492F27666F00C3D8FA /* JustWalk WidgetsExtension.appex */; settings = {ATTRIBUTES = (RemoveHeadersOnCopy, ); }; };
		2A3BEF682F27669900C3D8FA /* WidgetKit.framework in Frameworks */ = {isa = PBXBuildFile; fileRef = 2A3BEF4B2F27666F00C3D8FA /* WidgetKit.framework */; };
		2A3BEF692F27669900C3D8FA /* SwiftUI.framework in Frameworks */ = {isa = PBXBuildFile; fileRef = 2A3BEF4D2F27666F00C3D8FA /* SwiftUI.framework */; };
		2A3BEF762F27669A00C3D8FA /* JustWalk Widgets WatchExtension.appex in Embed Foundation Extensions */ = {isa = PBXBuildFile; fileRef = 2A3BEF672F27669900C3D8FA /* JustWalk Widgets WatchExtension.appex */; settings = {ATTRIBUTES = (RemoveHeadersOnCopy, ); }; };
/* End PBXBuildFile section */

/* Begin PBXContainerItemProxy section */
		2A0F42C12F23DB6B00866B22 /* PBXContainerItemProxy */ = {
			isa = PBXContainerItemProxy;
			containerPortal = 2A0F42A72F23DB6A00866B22 /* Project object */;
			proxyType = 1;
			remoteGlobalIDString = 2A0F42AE2F23DB6A00866B22;
			remoteInfo = JustWalk;
		};
		2A0F42CB2F23DB6B00866B22 /* PBXContainerItemProxy */ = {
			isa = PBXContainerItemProxy;
			containerPortal = 2A0F42A72F23DB6A00866B22 /* Project object */;
			proxyType = 1;
			remoteGlobalIDString = 2A0F42AE2F23DB6A00866B22;
			remoteInfo = JustWalk;
		};
		2A0F42EF2F23DCA000866B22 /* PBXContainerItemProxy */ = {
			isa = PBXContainerItemProxy;
			containerPortal = 2A0F42A72F23DB6A00866B22 /* Project object */;
			proxyType = 1;
			remoteGlobalIDString = 2A0F42E12F23DC9F00866B22;
			remoteInfo = "JustWalkWatch Watch App";
		};
		2A0F42F92F23DCA000866B22 /* PBXContainerItemProxy */ = {
			isa = PBXContainerItemProxy;
			containerPortal = 2A0F42A72F23DB6A00866B22 /* Project object */;
			proxyType = 1;
			remoteGlobalIDString = 2A0F42E12F23DC9F00866B22;
			remoteInfo = "JustWalkWatch Watch App";
		};
		2A0F43002F23DCA000866B22 /* PBXContainerItemProxy */ = {
			isa = PBXContainerItemProxy;
			containerPortal = 2A0F42A72F23DB6A00866B22 /* Project object */;
			proxyType = 1;
			remoteGlobalIDString = 2A0F42E12F23DC9F00866B22;
			remoteInfo = "JustWalkWatch Watch App";
		};
		2A3BEF5B2F27667000C3D8FA /* PBXContainerItemProxy */ = {
			isa = PBXContainerItemProxy;
			containerPortal = 2A0F42A72F23DB6A00866B22 /* Project object */;
			proxyType = 1;
			remoteGlobalIDString = 2A3BEF482F27666F00C3D8FA;
			remoteInfo = "JustWalk WidgetsExtension";
		};
		2A3BEF742F27669A00C3D8FA /* PBXContainerItemProxy */ = {
			isa = PBXContainerItemProxy;
			containerPortal = 2A0F42A72F23DB6A00866B22 /* Project object */;
			proxyType = 1;
			remoteGlobalIDString = 2A3BEF662F27669900C3D8FA;
			remoteInfo = "JustWalk Widgets (Watch)Extension";
		};
/* End PBXContainerItemProxy section */

/* Begin PBXCopyFilesBuildPhase section */
		2A0F43062F23DCA000866B22 /* Embed Watch Content */ = {
			isa = PBXCopyFilesBuildPhase;
			buildActionMask = 2147483647;
			dstPath = "$(CONTENTS_FOLDER_PATH)/Watch";
			dstSubfolderSpec = 16;
			files = (
				2A0F43022F23DCA000866B22 /* JustWalkWatch Watch App.app in Embed Watch Content */,
			);
			name = "Embed Watch Content";
			runOnlyForDeploymentPostprocessing = 0;
		};
		2A3BEF622F27667000C3D8FA /* Embed Foundation Extensions */ = {
			isa = PBXCopyFilesBuildPhase;
			buildActionMask = 2147483647;
			dstPath = "";
			dstSubfolderSpec = 13;
			files = (
				2A3BEF5D2F27667000C3D8FA /* JustWalk WidgetsExtension.appex in Embed Foundation Extensions */,
			);
			name = "Embed Foundation Extensions";
			runOnlyForDeploymentPostprocessing = 0;
		};
		2A3BEF7B2F27669A00C3D8FA /* Embed Foundation Extensions */ = {
			isa = PBXCopyFilesBuildPhase;
			buildActionMask = 2147483647;
			dstPath = "";
			dstSubfolderSpec = 13;
			files = (
				2A3BEF762F27669A00C3D8FA /* JustWalk Widgets WatchExtension.appex in Embed Foundation Extensions */,
			);
			name = "Embed Foundation Extensions";
			runOnlyForDeploymentPostprocessing = 0;
		};
/* End PBXCopyFilesBuildPhase section */

/* Begin PBXFileReference section */
		2A0F42AF2F23DB6A00866B22 /* JustWalk.app */ = {isa = PBXFileReference; explicitFileType = wrapper.application; includeInIndex = 0; path = JustWalk.app; sourceTree = BUILT_PRODUCTS_DIR; };
		2A0F42C02F23DB6B00866B22 /* JustWalkTests.xctest */ = {isa = PBXFileReference; explicitFileType = wrapper.cfbundle; includeInIndex = 0; path = JustWalkTests.xctest; sourceTree = BUILT_PRODUCTS_DIR; };
		2A0F42CA2F23DB6B00866B22 /* JustWalkUITests.xctest */ = {isa = PBXFileReference; explicitFileType = wrapper.cfbundle; includeInIndex = 0; path = JustWalkUITests.xctest; sourceTree = BUILT_PRODUCTS_DIR; };
		2A0F42E22F23DC9F00866B22 /* JustWalkWatch Watch App.app */ = {isa = PBXFileReference; explicitFileType = wrapper.application; includeInIndex = 0; path = "JustWalkWatch Watch App.app"; sourceTree = BUILT_PRODUCTS_DIR; };
		2A0F42EE2F23DCA000866B22 /* JustWalkWatch Watch AppTests.xctest */ = {isa = PBXFileReference; explicitFileType = wrapper.cfbundle; includeInIndex = 0; path = "JustWalkWatch Watch AppTests.xctest"; sourceTree = BUILT_PRODUCTS_DIR; };
		2A0F42F82F23DCA000866B22 /* JustWalkWatch Watch AppUITests.xctest */ = {isa = PBXFileReference; explicitFileType = wrapper.cfbundle; includeInIndex = 0; path = "JustWalkWatch Watch AppUITests.xctest"; sourceTree = BUILT_PRODUCTS_DIR; };
		2A3BEF492F27666F00C3D8FA /* JustWalk WidgetsExtension.appex */ = {isa = PBXFileReference; explicitFileType = "wrapper.app-extension"; includeInIndex = 0; path = "JustWalk WidgetsExtension.appex"; sourceTree = BUILT_PRODUCTS_DIR; };
		2A3BEF4B2F27666F00C3D8FA /* WidgetKit.framework */ = {isa = PBXFileReference; lastKnownFileType = wrapper.framework; name = WidgetKit.framework; path = System/Library/Frameworks/WidgetKit.framework; sourceTree = SDKROOT; };
		2A3BEF4D2F27666F00C3D8FA /* SwiftUI.framework */ = {isa = PBXFileReference; lastKnownFileType = wrapper.framework; name = SwiftUI.framework; path = System/Library/Frameworks/SwiftUI.framework; sourceTree = SDKROOT; };
		2A3BEF672F27669900C3D8FA /* JustWalk Widgets WatchExtension.appex */ = {isa = PBXFileReference; explicitFileType = "wrapper.app-extension"; includeInIndex = 0; path = "JustWalk Widgets WatchExtension.appex"; sourceTree = BUILT_PRODUCTS_DIR; };
/* End PBXFileReference section */

/* Begin PBXFileSystemSynchronizedBuildFileExceptionSet section */
		2A0F42D22F23DB6B00866B22 /* Exceptions for "JustWalk" folder in "JustWalk" target */ = {
			isa = PBXFileSystemSynchronizedBuildFileExceptionSet;
			membershipExceptions = (
				Info.plist,
				Widgets/JustWalkWidgets.swift,
			);
			target = 2A0F42AE2F23DB6A00866B22 /* JustWalk */;
		};
		2A3BEF612F27667000C3D8FA /* Exceptions for "JustWalk Widgets" folder in "JustWalk WidgetsExtension" target */ = {
			isa = PBXFileSystemSynchronizedBuildFileExceptionSet;
			membershipExceptions = (
				Info.plist,
			);
			target = 2A3BEF482F27666F00C3D8FA /* JustWalk WidgetsExtension */;
		};
		2A3BEF7A2F27669A00C3D8FA /* Exceptions for "JustWalk Widgets (Watch)" folder in "JustWalk Widgets (Watch)Extension" target */ = {
			isa = PBXFileSystemSynchronizedBuildFileExceptionSet;
			membershipExceptions = (
				Info.plist,
			);
			target = 2A3BEF662F27669900C3D8FA /* JustWalk Widgets (Watch)Extension */;
		};
		AA0000012F2AWATCH00000001 /* Exceptions for "JustWalkWatch Watch App" folder in "JustWalkWatch Watch App" target */ = {
			isa = PBXFileSystemSynchronizedBuildFileExceptionSet;
			membershipExceptions = (
				Info.plist,
			);
			target = 2A0F42E12F23DC9F00866B22 /* JustWalkWatch Watch App */;
		};
/* End PBXFileSystemSynchronizedBuildFileExceptionSet section */

/* Begin PBXFileSystemSynchronizedRootGroup section */
		2A0F42B12F23DB6A00866B22 /* JustWalk */ = {
			isa = PBXFileSystemSynchronizedRootGroup;
			exceptions = (
				2A0F42D22F23DB6B00866B22 /* Exceptions for "JustWalk" folder in "JustWalk" target */,
			);
			path = JustWalk;
			sourceTree = "<group>";
		};
		2A0F42C32F23DB6B00866B22 /* JustWalkTests */ = {
			isa = PBXFileSystemSynchronizedRootGroup;
			path = JustWalkTests;
			sourceTree = "<group>";
		};
		2A0F42CD2F23DB6B00866B22 /* JustWalkUITests */ = {
			isa = PBXFileSystemSynchronizedRootGroup;
			path = JustWalkUITests;
			sourceTree = "<group>";
		};
		2A0F42E32F23DC9F00866B22 /* JustWalkWatch Watch App */ = {
			isa = PBXFileSystemSynchronizedRootGroup;
			exceptions = (
				AA0000012F2AWATCH00000001 /* Exceptions for "JustWalkWatch Watch App" folder in "JustWalkWatch Watch App" target */,
			);
			path = "JustWalkWatch Watch App";
			sourceTree = "<group>";
		};
		2A0F42F12F23DCA000866B22 /* JustWalkWatch Watch AppTests */ = {
			isa = PBXFileSystemSynchronizedRootGroup;
			path = "JustWalkWatch Watch AppTests";
			sourceTree = "<group>";
		};
		2A0F42FB2F23DCA000866B22 /* JustWalkWatch Watch AppUITests */ = {
			isa = PBXFileSystemSynchronizedRootGroup;
			path = "JustWalkWatch Watch AppUITests";
			sourceTree = "<group>";
		};
		2A3BEF4F2F27666F00C3D8FA /* JustWalk Widgets */ = {
			isa = PBXFileSystemSynchronizedRootGroup;
			exceptions = (
				2A3BEF612F27667000C3D8FA /* Exceptions for "JustWalk Widgets" folder in "JustWalk WidgetsExtension" target */,
			);
			path = "JustWalk Widgets";
			sourceTree = "<group>";
		};
		2A3BEF6A2F27669900C3D8FA /* JustWalk Widgets (Watch) */ = {
			isa = PBXFileSystemSynchronizedRootGroup;
			exceptions = (
				2A3BEF7A2F27669A00C3D8FA /* Exceptions for "JustWalk Widgets (Watch)" folder in "JustWalk Widgets (Watch)Extension" target */,
			);
			path = "JustWalk Widgets (Watch)";
			sourceTree = "<group>";
		};
		AA0000022F2ASHARED000001 /* Shared */ = {
			isa = PBXFileSystemSynchronizedRootGroup;
			path = Shared;
			sourceTree = "<group>";
		};
/* End PBXFileSystemSynchronizedRootGroup section */

/* Begin PBXFrameworksBuildPhase section */
		2A0F42AC2F23DB6A00866B22 /* Frameworks */ = {
			isa = PBXFrameworksBuildPhase;
			buildActionMask = 2147483647;
			files = (
			);
			runOnlyForDeploymentPostprocessing = 0;
		};
		2A0F42BD2F23DB6B00866B22 /* Frameworks */ = {
			isa = PBXFrameworksBuildPhase;
			buildActionMask = 2147483647;
			files = (
			);
			runOnlyForDeploymentPostprocessing = 0;
		};
		2A0F42C72F23DB6B00866B22 /* Frameworks */ = {
			isa = PBXFrameworksBuildPhase;
			buildActionMask = 2147483647;
			files = (
			);
			runOnlyForDeploymentPostprocessing = 0;
		};
		2A0F42DF2F23DC9F00866B22 /* Frameworks */ = {
			isa = PBXFrameworksBuildPhase;
			buildActionMask = 2147483647;
			files = (
			);
			runOnlyForDeploymentPostprocessing = 0;
		};
		2A0F42EB2F23DCA000866B22 /* Frameworks */ = {
			isa = PBXFrameworksBuildPhase;
			buildActionMask = 2147483647;
			files = (
			);
			runOnlyForDeploymentPostprocessing = 0;
		};
		2A0F42F52F23DCA000866B22 /* Frameworks */ = {
			isa = PBXFrameworksBuildPhase;
			buildActionMask = 2147483647;
			files = (
			);
			runOnlyForDeploymentPostprocessing = 0;
		};
		2A3BEF462F27666F00C3D8FA /* Frameworks */ = {
			isa = PBXFrameworksBuildPhase;
			buildActionMask = 2147483647;
			files = (
				2A3BEF4E2F27666F00C3D8FA /* SwiftUI.framework in Frameworks */,
				2A3BEF4C2F27666F00C3D8FA /* WidgetKit.framework in Frameworks */,
			);
			runOnlyForDeploymentPostprocessing = 0;
		};
		2A3BEF642F27669900C3D8FA /* Frameworks */ = {
			isa = PBXFrameworksBuildPhase;
			buildActionMask = 2147483647;
			files = (
				2A3BEF692F27669900C3D8FA /* SwiftUI.framework in Frameworks */,
				2A3BEF682F27669900C3D8FA /* WidgetKit.framework in Frameworks */,
			);
			runOnlyForDeploymentPostprocessing = 0;
		};
/* End PBXFrameworksBuildPhase section */

/* Begin PBXGroup section */
		2A0F42A62F23DB6A00866B22 = {
			isa = PBXGroup;
			children = (
				2A0F42B12F23DB6A00866B22 /* JustWalk */,
				2A0F42C32F23DB6B00866B22 /* JustWalkTests */,
				2A0F42CD2F23DB6B00866B22 /* JustWalkUITests */,
				2A0F42E32F23DC9F00866B22 /* JustWalkWatch Watch App */,
				2A0F42F12F23DCA000866B22 /* JustWalkWatch Watch AppTests */,
				2A0F42FB2F23DCA000866B22 /* JustWalkWatch Watch AppUITests */,
				AA0000022F2ASHARED000001 /* Shared */,
				2A3BEF4F2F27666F00C3D8FA /* JustWalk Widgets */,
				2A3BEF6A2F27669900C3D8FA /* JustWalk Widgets (Watch) */,
				2A3BEF4A2F27666F00C3D8FA /* Frameworks */,
				2A0F42B02F23DB6A00866B22 /* Products */,
			);
			sourceTree = "<group>";
		};
		2A0F42B02F23DB6A00866B22 /* Products */ = {
			isa = PBXGroup;
			children = (
				2A0F42AF2F23DB6A00866B22 /* JustWalk.app */,
				2A0F42C02F23DB6B00866B22 /* JustWalkTests.xctest */,
				2A0F42CA2F23DB6B00866B22 /* JustWalkUITests.xctest */,
				2A0F42E22F23DC9F00866B22 /* JustWalkWatch Watch App.app */,
				2A0F42EE2F23DCA000866B22 /* JustWalkWatch Watch AppTests.xctest */,
				2A0F42F82F23DCA000866B22 /* JustWalkWatch Watch AppUITests.xctest */,
				2A3BEF492F27666F00C3D8FA /* JustWalk WidgetsExtension.appex */,
				2A3BEF672F27669900C3D8FA /* JustWalk Widgets WatchExtension.appex */,
			);
			name = Products;
			sourceTree = "<group>";
		};
		2A3BEF4A2F27666F00C3D8FA /* Frameworks */ = {
			isa = PBXGroup;
			children = (
				2A3BEF4B2F27666F00C3D8FA /* WidgetKit.framework */,
				2A3BEF4D2F27666F00C3D8FA /* SwiftUI.framework */,
			);
			name = Frameworks;
			sourceTree = "<group>";
		};
/* End PBXGroup section */

/* Begin PBXNativeTarget section */
		2A0F42AE2F23DB6A00866B22 /* JustWalk */ = {
			isa = PBXNativeTarget;
			buildConfigurationList = 2A0F42D32F23DB6B00866B22 /* Build configuration list for PBXNativeTarget "JustWalk" */;
			buildPhases = (
				2A0F42AB2F23DB6A00866B22 /* Sources */,
				2A0F42AC2F23DB6A00866B22 /* Frameworks */,
				2A0F42AD2F23DB6A00866B22 /* Resources */,
				2A0F43062F23DCA000866B22 /* Embed Watch Content */,
				2A3BEF622F27667000C3D8FA /* Embed Foundation Extensions */,
			);
			buildRules = (
			);
			dependencies = (
				2A0F43012F23DCA000866B22 /* PBXTargetDependency */,
				2A3BEF5C2F27667000C3D8FA /* PBXTargetDependency */,
			);
			fileSystemSynchronizedGroups = (
				2A0F42B12F23DB6A00866B22 /* JustWalk */,
				AA0000022F2ASHARED000001 /* Shared */,
			);
			name = JustWalk;
			packageProductDependencies = (
			);
			productName = JustWalk;
			productReference = 2A0F42AF2F23DB6A00866B22 /* JustWalk.app */;
			productType = "com.apple.product-type.application";
		};
		2A0F42BF2F23DB6B00866B22 /* JustWalkTests */ = {
			isa = PBXNativeTarget;
			buildConfigurationList = 2A0F42D82F23DB6B00866B22 /* Build configuration list for PBXNativeTarget "JustWalkTests" */;
			buildPhases = (
				2A0F42BC2F23DB6B00866B22 /* Sources */,
				2A0F42BD2F23DB6B00866B22 /* Frameworks */,
				2A0F42BE2F23DB6B00866B22 /* Resources */,
			);
			buildRules = (
			);
			dependencies = (
				2A0F42C22F23DB6B00866B22 /* PBXTargetDependency */,
			);
			fileSystemSynchronizedGroups = (
				2A0F42C32F23DB6B00866B22 /* JustWalkTests */,
			);
			name = JustWalkTests;
			packageProductDependencies = (
			);
			productName = JustWalkTests;
			productReference = 2A0F42C02F23DB6B00866B22 /* JustWalkTests.xctest */;
			productType = "com.apple.product-type.bundle.unit-test";
		};
		2A0F42C92F23DB6B00866B22 /* JustWalkUITests */ = {
			isa = PBXNativeTarget;
			buildConfigurationList = 2A0F42DB2F23DB6B00866B22 /* Build configuration list for PBXNativeTarget "JustWalkUITests" */;
			buildPhases = (
				2A0F42C62F23DB6B00866B22 /* Sources */,
				2A0F42C72F23DB6B00866B22 /* Frameworks */,
				2A0F42C82F23DB6B00866B22 /* Resources */,
			);
			buildRules = (
			);
			dependencies = (
				2A0F42CC2F23DB6B00866B22 /* PBXTargetDependency */,
			);
			fileSystemSynchronizedGroups = (
				2A0F42CD2F23DB6B00866B22 /* JustWalkUITests */,
			);
			name = JustWalkUITests;
			packageProductDependencies = (
			);
			productName = JustWalkUITests;
			productReference = 2A0F42CA2F23DB6B00866B22 /* JustWalkUITests.xctest */;
			productType = "com.apple.product-type.bundle.ui-testing";
		};
		2A0F42E12F23DC9F00866B22 /* JustWalkWatch Watch App */ = {
			isa = PBXNativeTarget;
			buildConfigurationList = 2A0F43032F23DCA000866B22 /* Build configuration list for PBXNativeTarget "JustWalkWatch Watch App" */;
			buildPhases = (
				2A0F42DE2F23DC9F00866B22 /* Sources */,
				2A0F42DF2F23DC9F00866B22 /* Frameworks */,
				2A0F42E02F23DC9F00866B22 /* Resources */,
				2A3BEF7B2F27669A00C3D8FA /* Embed Foundation Extensions */,
			);
			buildRules = (
			);
			dependencies = (
				2A3BEF752F27669A00C3D8FA /* PBXTargetDependency */,
			);
			fileSystemSynchronizedGroups = (
				2A0F42E32F23DC9F00866B22 /* JustWalkWatch Watch App */,
				AA0000022F2ASHARED000001 /* Shared */,
			);
			name = "JustWalkWatch Watch App";
			packageProductDependencies = (
			);
			productName = "JustWalkWatch Watch App";
			productReference = 2A0F42E22F23DC9F00866B22 /* JustWalkWatch Watch App.app */;
			productType = "com.apple.product-type.application";
		};
		2A0F42ED2F23DCA000866B22 /* JustWalkWatch Watch AppTests */ = {
			isa = PBXNativeTarget;
			buildConfigurationList = 2A0F43072F23DCA000866B22 /* Build configuration list for PBXNativeTarget "JustWalkWatch Watch AppTests" */;
			buildPhases = (
				2A0F42EA2F23DCA000866B22 /* Sources */,
				2A0F42EB2F23DCA000866B22 /* Frameworks */,
				2A0F42EC2F23DCA000866B22 /* Resources */,
			);
			buildRules = (
			);
			dependencies = (
				2A0F42F02F23DCA000866B22 /* PBXTargetDependency */,
			);
			fileSystemSynchronizedGroups = (
				2A0F42F12F23DCA000866B22 /* JustWalkWatch Watch AppTests */,
			);
			name = "JustWalkWatch Watch AppTests";
			packageProductDependencies = (
			);
			productName = "JustWalkWatch Watch AppTests";
			productReference = 2A0F42EE2F23DCA000866B22 /* JustWalkWatch Watch AppTests.xctest */;
			productType = "com.apple.product-type.bundle.unit-test";
		};
		2A0F42F72F23DCA000866B22 /* JustWalkWatch Watch AppUITests */ = {
			isa = PBXNativeTarget;
			buildConfigurationList = 2A0F430A2F23DCA000866B22 /* Build configuration list for PBXNativeTarget "JustWalkWatch Watch AppUITests" */;
			buildPhases = (
				2A0F42F42F23DCA000866B22 /* Sources */,
				2A0F42F52F23DCA000866B22 /* Frameworks */,
				2A0F42F62F23DCA000866B22 /* Resources */,
			);
			buildRules = (
			);
			dependencies = (
				2A0F42FA2F23DCA000866B22 /* PBXTargetDependency */,
			);
			fileSystemSynchronizedGroups = (
				2A0F42FB2F23DCA000866B22 /* JustWalkWatch Watch AppUITests */,
			);
			name = "JustWalkWatch Watch AppUITests";
			packageProductDependencies = (
			);
			productName = "JustWalkWatch Watch AppUITests";
			productReference = 2A0F42F82F23DCA000866B22 /* JustWalkWatch Watch AppUITests.xctest */;
			productType = "com.apple.product-type.bundle.ui-testing";
		};
		2A3BEF482F27666F00C3D8FA /* JustWalk WidgetsExtension */ = {
			isa = PBXNativeTarget;
			buildConfigurationList = 2A3BEF5E2F27667000C3D8FA /* Build configuration list for PBXNativeTarget "JustWalk WidgetsExtension" */;
			buildPhases = (
				2A3BEF452F27666F00C3D8FA /* Sources */,
				2A3BEF462F27666F00C3D8FA /* Frameworks */,
				2A3BEF472F27666F00C3D8FA /* Resources */,
			);
			buildRules = (
			);
			dependencies = (
			);
			fileSystemSynchronizedGroups = (
				2A3BEF4F2F27666F00C3D8FA /* JustWalk Widgets */,
			);
			name = "JustWalk WidgetsExtension";
			packageProductDependencies = (
			);
			productName = "JustWalk WidgetsExtension";
			productReference = 2A3BEF492F27666F00C3D8FA /* JustWalk WidgetsExtension.appex */;
			productType = "com.apple.product-type.app-extension";
		};
		2A3BEF662F27669900C3D8FA /* JustWalk Widgets (Watch)Extension */ = {
			isa = PBXNativeTarget;
			buildConfigurationList = 2A3BEF772F27669A00C3D8FA /* Build configuration list for PBXNativeTarget "JustWalk Widgets (Watch)Extension" */;
			buildPhases = (
				2A3BEF632F27669900C3D8FA /* Sources */,
				2A3BEF642F27669900C3D8FA /* Frameworks */,
				2A3BEF652F27669900C3D8FA /* Resources */,
			);
			buildRules = (
			);
			dependencies = (
			);
			fileSystemSynchronizedGroups = (
				2A3BEF6A2F27669900C3D8FA /* JustWalk Widgets (Watch) */,
			);
			name = "JustWalk Widgets (Watch)Extension";
			packageProductDependencies = (
			);
			productName = "JustWalk Widgets (Watch)Extension";
			productReference = 2A3BEF672F27669900C3D8FA /* JustWalk Widgets WatchExtension.appex */;
			productType = "com.apple.product-type.app-extension";
		};
/* End PBXNativeTarget section */

/* Begin PBXProject section */
		2A0F42A72F23DB6A00866B22 /* Project object */ = {
			isa = PBXProject;
			attributes = {
				BuildIndependentTargetsInParallel = 1;
				LastSwiftUpdateCheck = 2620;
				LastUpgradeCheck = 2620;
				TargetAttributes = {
					2A0F42AE2F23DB6A00866B22 = {
						CreatedOnToolsVersion = 26.2;
					};
					2A0F42BF2F23DB6B00866B22 = {
						CreatedOnToolsVersion = 26.2;
						TestTargetID = 2A0F42AE2F23DB6A00866B22;
					};
					2A0F42C92F23DB6B00866B22 = {
						CreatedOnToolsVersion = 26.2;
						TestTargetID = 2A0F42AE2F23DB6A00866B22;
					};
					2A0F42E12F23DC9F00866B22 = {
						CreatedOnToolsVersion = 26.2;
					};
					2A0F42ED2F23DCA000866B22 = {
						CreatedOnToolsVersion = 26.2;
						TestTargetID = 2A0F42E12F23DC9F00866B22;
					};
					2A0F42F72F23DCA000866B22 = {
						CreatedOnToolsVersion = 26.2;
						TestTargetID = 2A0F42E12F23DC9F00866B22;
					};
					2A3BEF482F27666F00C3D8FA = {
						CreatedOnToolsVersion = 26.2;
					};
					2A3BEF662F27669900C3D8FA = {
						CreatedOnToolsVersion = 26.2;
					};
				};
			};
			buildConfigurationList = 2A0F42AA2F23DB6A00866B22 /* Build configuration list for PBXProject "JustWalk" */;
			developmentRegion = en;
			hasScannedForEncodings = 0;
			knownRegions = (
				en,
				Base,
			);
			mainGroup = 2A0F42A62F23DB6A00866B22;
			minimizedProjectReferenceProxies = 1;
			preferredProjectObjectVersion = 77;
			productRefGroup = 2A0F42B02F23DB6A00866B22 /* Products */;
			projectDirPath = "";
			projectRoot = "";
			targets = (
				2A0F42AE2F23DB6A00866B22 /* JustWalk */,
				2A0F42BF2F23DB6B00866B22 /* JustWalkTests */,
				2A0F42C92F23DB6B00866B22 /* JustWalkUITests */,
				2A0F42E12F23DC9F00866B22 /* JustWalkWatch Watch App */,
				2A0F42ED2F23DCA000866B22 /* JustWalkWatch Watch AppTests */,
				2A0F42F72F23DCA000866B22 /* JustWalkWatch Watch AppUITests */,
				2A3BEF482F27666F00C3D8FA /* JustWalk WidgetsExtension */,
				2A3BEF662F27669900C3D8FA /* JustWalk Widgets (Watch)Extension */,
			);
		};
/* End PBXProject section */

/* Begin PBXResourcesBuildPhase section */
		2A0F42AD2F23DB6A00866B22 /* Resources */ = {
			isa = PBXResourcesBuildPhase;
			buildActionMask = 2147483647;
			files = (
			);
			runOnlyForDeploymentPostprocessing = 0;
		};
		2A0F42BE2F23DB6B00866B22 /* Resources */ = {
			isa = PBXResourcesBuildPhase;
			buildActionMask = 2147483647;
			files = (
			);
			runOnlyForDeploymentPostprocessing = 0;
		};
		2A0F42C82F23DB6B00866B22 /* Resources */ = {
			isa = PBXResourcesBuildPhase;
			buildActionMask = 2147483647;
			files = (
			);
			runOnlyForDeploymentPostprocessing = 0;
		};
		2A0F42E02F23DC9F00866B22 /* Resources */ = {
			isa = PBXResourcesBuildPhase;
			buildActionMask = 2147483647;
			files = (
			);
			runOnlyForDeploymentPostprocessing = 0;
		};
		2A0F42EC2F23DCA000866B22 /* Resources */ = {
			isa = PBXResourcesBuildPhase;
			buildActionMask = 2147483647;
			files = (
			);
			runOnlyForDeploymentPostprocessing = 0;
		};
		2A0F42F62F23DCA000866B22 /* Resources */ = {
			isa = PBXResourcesBuildPhase;
			buildActionMask = 2147483647;
			files = (
			);
			runOnlyForDeploymentPostprocessing = 0;
		};
		2A3BEF472F27666F00C3D8FA /* Resources */ = {
			isa = PBXResourcesBuildPhase;
			buildActionMask = 2147483647;
			files = (
			);
			runOnlyForDeploymentPostprocessing = 0;
		};
		2A3BEF652F27669900C3D8FA /* Resources */ = {
			isa = PBXResourcesBuildPhase;
			buildActionMask = 2147483647;
			files = (
			);
			runOnlyForDeploymentPostprocessing = 0;
		};
/* End PBXResourcesBuildPhase section */

/* Begin PBXSourcesBuildPhase section */
		2A0F42AB2F23DB6A00866B22 /* Sources */ = {
			isa = PBXSourcesBuildPhase;
			buildActionMask = 2147483647;
			files = (
			);
			runOnlyForDeploymentPostprocessing = 0;
		};
		2A0F42BC2F23DB6B00866B22 /* Sources */ = {
			isa = PBXSourcesBuildPhase;
			buildActionMask = 2147483647;
			files = (
			);
			runOnlyForDeploymentPostprocessing = 0;
		};
		2A0F42C62F23DB6B00866B22 /* Sources */ = {
			isa = PBXSourcesBuildPhase;
			buildActionMask = 2147483647;
			files = (
			);
			runOnlyForDeploymentPostprocessing = 0;
		};
		2A0F42DE2F23DC9F00866B22 /* Sources */ = {
			isa = PBXSourcesBuildPhase;
			buildActionMask = 2147483647;
			files = (
			);
			runOnlyForDeploymentPostprocessing = 0;
		};
		2A0F42EA2F23DCA000866B22 /* Sources */ = {
			isa = PBXSourcesBuildPhase;
			buildActionMask = 2147483647;
			files = (
			);
			runOnlyForDeploymentPostprocessing = 0;
		};
		2A0F42F42F23DCA000866B22 /* Sources */ = {
			isa = PBXSourcesBuildPhase;
			buildActionMask = 2147483647;
			files = (
			);
			runOnlyForDeploymentPostprocessing = 0;
		};
		2A3BEF452F27666F00C3D8FA /* Sources */ = {
			isa = PBXSourcesBuildPhase;
			buildActionMask = 2147483647;
			files = (
			);
			runOnlyForDeploymentPostprocessing = 0;
		};
		2A3BEF632F27669900C3D8FA /* Sources */ = {
			isa = PBXSourcesBuildPhase;
			buildActionMask = 2147483647;
			files = (
			);
			runOnlyForDeploymentPostprocessing = 0;
		};
/* End PBXSourcesBuildPhase section */

/* Begin PBXTargetDependency section */
		2A0F42C22F23DB6B00866B22 /* PBXTargetDependency */ = {
			isa = PBXTargetDependency;
			target = 2A0F42AE2F23DB6A00866B22 /* JustWalk */;
			targetProxy = 2A0F42C12F23DB6B00866B22 /* PBXContainerItemProxy */;
		};
		2A0F42CC2F23DB6B00866B22 /* PBXTargetDependency */ = {
			isa = PBXTargetDependency;
			target = 2A0F42AE2F23DB6A00866B22 /* JustWalk */;
			targetProxy = 2A0F42CB2F23DB6B00866B22 /* PBXContainerItemProxy */;
		};
		2A0F42F02F23DCA000866B22 /* PBXTargetDependency */ = {
			isa = PBXTargetDependency;
			target = 2A0F42E12F23DC9F00866B22 /* JustWalkWatch Watch App */;
			targetProxy = 2A0F42EF2F23DCA000866B22 /* PBXContainerItemProxy */;
		};
		2A0F42FA2F23DCA000866B22 /* PBXTargetDependency */ = {
			isa = PBXTargetDependency;
			target = 2A0F42E12F23DC9F00866B22 /* JustWalkWatch Watch App */;
			targetProxy = 2A0F42F92F23DCA000866B22 /* PBXContainerItemProxy */;
		};
		2A0F43012F23DCA000866B22 /* PBXTargetDependency */ = {
			isa = PBXTargetDependency;
			target = 2A0F42E12F23DC9F00866B22 /* JustWalkWatch Watch App */;
			targetProxy = 2A0F43002F23DCA000866B22 /* PBXContainerItemProxy */;
		};
		2A3BEF5C2F27667000C3D8FA /* PBXTargetDependency */ = {
			isa = PBXTargetDependency;
			target = 2A3BEF482F27666F00C3D8FA /* JustWalk WidgetsExtension */;
			targetProxy = 2A3BEF5B2F27667000C3D8FA /* PBXContainerItemProxy */;
		};
		2A3BEF752F27669A00C3D8FA /* PBXTargetDependency */ = {
			isa = PBXTargetDependency;
			target = 2A3BEF662F27669900C3D8FA /* JustWalk Widgets (Watch)Extension */;
			targetProxy = 2A3BEF742F27669A00C3D8FA /* PBXContainerItemProxy */;
		};
/* End PBXTargetDependency section */

/* Begin XCBuildConfiguration section */
		2A0F42D42F23DB6B00866B22 /* Debug */ = {
			isa = XCBuildConfiguration;
			buildSettings = {
				ASSETCATALOG_COMPILER_APPICON_NAME = AppIcon;
				ASSETCATALOG_COMPILER_GLOBAL_ACCENT_COLOR_NAME = AccentColor;
				ASSETCATALOG_COMPILER_INCLUDE_ALL_APPICON_ASSETS = YES;
				CODE_SIGN_ENTITLEMENTS = JustWalk/JustWalk.entitlements;
				CODE_SIGN_STYLE = Automatic;
				CURRENT_PROJECT_VERSION = 1;
				DEVELOPMENT_TEAM = L3266HR998;
				ENABLE_PREVIEWS = YES;
				GENERATE_INFOPLIST_FILE = YES;
				INFOPLIST_FILE = JustWalk/Info.plist;
				INFOPLIST_KEY_CFBundleDisplayName = "Just Walk";
				INFOPLIST_KEY_UIApplicationSceneManifest_Generation = YES;
				INFOPLIST_KEY_UIApplicationSupportsIndirectInputEvents = YES;
				INFOPLIST_KEY_UILaunchScreen_Generation = NO;
				INFOPLIST_KEY_UILaunchStoryboardName = LaunchScreen;
				INFOPLIST_KEY_UISupportedInterfaceOrientations_iPad = "UIInterfaceOrientationPortrait UIInterfaceOrientationPortraitUpsideDown UIInterfaceOrientationLandscapeLeft UIInterfaceOrientationLandscapeRight";
				INFOPLIST_KEY_UISupportedInterfaceOrientations_iPhone = UIInterfaceOrientationPortrait;
				LD_RUNPATH_SEARCH_PATHS = (
					"$(inherited)",
					"@executable_path/Frameworks",
				);
				MARKETING_VERSION = 1.0;
				PRODUCT_BUNDLE_IDENTIFIER = onworldtech.JustWalk;
				PRODUCT_NAME = "$(TARGET_NAME)";
				STRING_CATALOG_GENERATE_SYMBOLS = YES;
				SWIFT_APPROACHABLE_CONCURRENCY = YES;
				SWIFT_DEFAULT_ACTOR_ISOLATION = MainActor;
				SWIFT_EMIT_LOC_STRINGS = YES;
				SWIFT_UPCOMING_FEATURE_MEMBER_IMPORT_VISIBILITY = YES;
				SWIFT_VERSION = 5.0;
				TARGETED_DEVICE_FAMILY = "1,2";
			};
			name = Debug;
		};
		2A0F42D52F23DB6B00866B22 /* Release */ = {
			isa = XCBuildConfiguration;
			buildSettings = {
				ASSETCATALOG_COMPILER_APPICON_NAME = AppIcon;
				ASSETCATALOG_COMPILER_GLOBAL_ACCENT_COLOR_NAME = AccentColor;
				ASSETCATALOG_COMPILER_INCLUDE_ALL_APPICON_ASSETS = YES;
				CODE_SIGN_ENTITLEMENTS = JustWalk/JustWalk.entitlements;
				CODE_SIGN_STYLE = Automatic;
				CURRENT_PROJECT_VERSION = 1;
				DEVELOPMENT_TEAM = L3266HR998;
				ENABLE_PREVIEWS = YES;
				GENERATE_INFOPLIST_FILE = YES;
				INFOPLIST_FILE = JustWalk/Info.plist;
				INFOPLIST_KEY_CFBundleDisplayName = "Just Walk";
				INFOPLIST_KEY_UIApplicationSceneManifest_Generation = YES;
				INFOPLIST_KEY_UIApplicationSupportsIndirectInputEvents = YES;
				INFOPLIST_KEY_UILaunchScreen_Generation = NO;
				INFOPLIST_KEY_UILaunchStoryboardName = LaunchScreen;
				INFOPLIST_KEY_UISupportedInterfaceOrientations_iPad = "UIInterfaceOrientationPortrait UIInterfaceOrientationPortraitUpsideDown UIInterfaceOrientationLandscapeLeft UIInterfaceOrientationLandscapeRight";
				INFOPLIST_KEY_UISupportedInterfaceOrientations_iPhone = UIInterfaceOrientationPortrait;
				LD_RUNPATH_SEARCH_PATHS = (
					"$(inherited)",
					"@executable_path/Frameworks",
				);
				MARKETING_VERSION = 1.0;
				PRODUCT_BUNDLE_IDENTIFIER = onworldtech.JustWalk;
				PRODUCT_NAME = "$(TARGET_NAME)";
				STRING_CATALOG_GENERATE_SYMBOLS = YES;
				SWIFT_APPROACHABLE_CONCURRENCY = YES;
				SWIFT_DEFAULT_ACTOR_ISOLATION = MainActor;
				SWIFT_EMIT_LOC_STRINGS = YES;
				SWIFT_UPCOMING_FEATURE_MEMBER_IMPORT_VISIBILITY = YES;
				SWIFT_VERSION = 5.0;
				TARGETED_DEVICE_FAMILY = "1,2";
			};
			name = Release;
		};
		2A0F42D62F23DB6B00866B22 /* Debug */ = {
			isa = XCBuildConfiguration;
			buildSettings = {
				ALWAYS_SEARCH_USER_PATHS = NO;
				ASSETCATALOG_COMPILER_GENERATE_SWIFT_ASSET_SYMBOL_EXTENSIONS = YES;
				CLANG_ANALYZER_NONNULL = YES;
				CLANG_ANALYZER_NUMBER_OBJECT_CONVERSION = YES_AGGRESSIVE;
				CLANG_CXX_LANGUAGE_STANDARD = "gnu++20";
				CLANG_ENABLE_MODULES = YES;
				CLANG_ENABLE_OBJC_ARC = YES;
				CLANG_ENABLE_OBJC_WEAK = YES;
				CLANG_WARN_BLOCK_CAPTURE_AUTORELEASING = YES;
				CLANG_WARN_BOOL_CONVERSION = YES;
				CLANG_WARN_COMMA = YES;
				CLANG_WARN_CONSTANT_CONVERSION = YES;
				CLANG_WARN_DEPRECATED_OBJC_IMPLEMENTATIONS = YES;
				CLANG_WARN_DIRECT_OBJC_ISA_USAGE = YES_ERROR;
				CLANG_WARN_DOCUMENTATION_COMMENTS = YES;
				CLANG_WARN_EMPTY_BODY = YES;
				CLANG_WARN_ENUM_CONVERSION = YES;
				CLANG_WARN_INFINITE_RECURSION = YES;
				CLANG_WARN_INT_CONVERSION = YES;
				CLANG_WARN_NON_LITERAL_NULL_CONVERSION = YES;
				CLANG_WARN_OBJC_IMPLICIT_RETAIN_SELF = YES;
				CLANG_WARN_OBJC_LITERAL_CONVERSION = YES;
				CLANG_WARN_OBJC_ROOT_CLASS = YES_ERROR;
				CLANG_WARN_QUOTED_INCLUDE_IN_FRAMEWORK_HEADER = YES;
				CLANG_WARN_RANGE_LOOP_ANALYSIS = YES;
				CLANG_WARN_STRICT_PROTOTYPES = YES;
				CLANG_WARN_SUSPICIOUS_MOVE = YES;
				CLANG_WARN_UNGUARDED_AVAILABILITY = YES_AGGRESSIVE;
				CLANG_WARN_UNREACHABLE_CODE = YES;
				CLANG_WARN__DUPLICATE_METHOD_MATCH = YES;
				COPY_PHASE_STRIP = NO;
				DEBUG_INFORMATION_FORMAT = dwarf;
				DEVELOPMENT_TEAM = L3266HR998;
				ENABLE_STRICT_OBJC_MSGSEND = YES;
				ENABLE_TESTABILITY = YES;
				ENABLE_USER_SCRIPT_SANDBOXING = YES;
				GCC_C_LANGUAGE_STANDARD = gnu17;
				GCC_DYNAMIC_NO_PIC = NO;
				GCC_NO_COMMON_BLOCKS = YES;
				GCC_OPTIMIZATION_LEVEL = 0;
				GCC_PREPROCESSOR_DEFINITIONS = (
					"DEBUG=1",
					"$(inherited)",
				);
				GCC_WARN_64_TO_32_BIT_CONVERSION = YES;
				GCC_WARN_ABOUT_RETURN_TYPE = YES_ERROR;
				GCC_WARN_UNDECLARED_SELECTOR = YES;
				GCC_WARN_UNINITIALIZED_AUTOS = YES_AGGRESSIVE;
				GCC_WARN_UNUSED_FUNCTION = YES;
				GCC_WARN_UNUSED_VARIABLE = YES;
				IPHONEOS_DEPLOYMENT_TARGET = 17.0;
				LOCALIZATION_PREFERS_STRING_CATALOGS = YES;
				MTL_ENABLE_DEBUG_INFO = INCLUDE_SOURCE;
				MTL_FAST_MATH = YES;
				ONLY_ACTIVE_ARCH = YES;
				SDKROOT = iphoneos;
				SWIFT_ACTIVE_COMPILATION_CONDITIONS = "DEBUG $(inherited)";
				SWIFT_OPTIMIZATION_LEVEL = "-Onone";
			};
			name = Debug;
		};
		2A0F42D72F23DB6B00866B22 /* Release */ = {
			isa = XCBuildConfiguration;
			buildSettings = {
				ALWAYS_SEARCH_USER_PATHS = NO;
				ASSETCATALOG_COMPILER_GENERATE_SWIFT_ASSET_SYMBOL_EXTENSIONS = YES;
				CLANG_ANALYZER_NONNULL = YES;
				CLANG_ANALYZER_NUMBER_OBJECT_CONVERSION = YES_AGGRESSIVE;
				CLANG_CXX_LANGUAGE_STANDARD = "gnu++20";
				CLANG_ENABLE_MODULES = YES;
				CLANG_ENABLE_OBJC_ARC = YES;
				CLANG_ENABLE_OBJC_WEAK = YES;
				CLANG_WARN_BLOCK_CAPTURE_AUTORELEASING = YES;
				CLANG_WARN_BOOL_CONVERSION = YES;
				CLANG_WARN_COMMA = YES;
				CLANG_WARN_CONSTANT_CONVERSION = YES;
				CLANG_WARN_DEPRECATED_OBJC_IMPLEMENTATIONS = YES;
				CLANG_WARN_DIRECT_OBJC_ISA_USAGE = YES_ERROR;
				CLANG_WARN_DOCUMENTATION_COMMENTS = YES;
				CLANG_WARN_EMPTY_BODY = YES;
				CLANG_WARN_ENUM_CONVERSION = YES;
				CLANG_WARN_INFINITE_RECURSION = YES;
				CLANG_WARN_INT_CONVERSION = YES;
				CLANG_WARN_NON_LITERAL_NULL_CONVERSION = YES;
				CLANG_WARN_OBJC_IMPLICIT_RETAIN_SELF = YES;
				CLANG_WARN_OBJC_LITERAL_CONVERSION = YES;
				CLANG_WARN_OBJC_ROOT_CLASS = YES_ERROR;
				CLANG_WARN_QUOTED_INCLUDE_IN_FRAMEWORK_HEADER = YES;
				CLANG_WARN_RANGE_LOOP_ANALYSIS = YES;
				CLANG_WARN_STRICT_PROTOTYPES = YES;
				CLANG_WARN_SUSPICIOUS_MOVE = YES;
				CLANG_WARN_UNGUARDED_AVAILABILITY = YES_AGGRESSIVE;
				CLANG_WARN_UNREACHABLE_CODE = YES;
				CLANG_WARN__DUPLICATE_METHOD_MATCH = YES;
				COPY_PHASE_STRIP = NO;
				DEBUG_INFORMATION_FORMAT = "dwarf-with-dsym";
				DEVELOPMENT_TEAM = L3266HR998;
				ENABLE_NS_ASSERTIONS = NO;
				ENABLE_STRICT_OBJC_MSGSEND = YES;
				ENABLE_USER_SCRIPT_SANDBOXING = YES;
				GCC_C_LANGUAGE_STANDARD = gnu17;
				GCC_NO_COMMON_BLOCKS = YES;
				GCC_WARN_64_TO_32_BIT_CONVERSION = YES;
				GCC_WARN_ABOUT_RETURN_TYPE = YES_ERROR;
				GCC_WARN_UNDECLARED_SELECTOR = YES;
				GCC_WARN_UNINITIALIZED_AUTOS = YES_AGGRESSIVE;
				GCC_WARN_UNUSED_FUNCTION = YES;
				GCC_WARN_UNUSED_VARIABLE = YES;
				IPHONEOS_DEPLOYMENT_TARGET = 17.0;
				LOCALIZATION_PREFERS_STRING_CATALOGS = YES;
				MTL_ENABLE_DEBUG_INFO = NO;
				MTL_FAST_MATH = YES;
				SDKROOT = iphoneos;
				SWIFT_COMPILATION_MODE = wholemodule;
				VALIDATE_PRODUCT = YES;
			};
			name = Release;
		};
		2A0F42D92F23DB6B00866B22 /* Debug */ = {
			isa = XCBuildConfiguration;
			buildSettings = {
				BUNDLE_LOADER = "$(TEST_HOST)";
				CODE_SIGN_STYLE = Automatic;
				CURRENT_PROJECT_VERSION = 1;
				DEVELOPMENT_TEAM = L3266HR998;
				GENERATE_INFOPLIST_FILE = YES;
				IPHONEOS_DEPLOYMENT_TARGET = 17.0;
				MARKETING_VERSION = 1.0;
				PRODUCT_BUNDLE_IDENTIFIER = onworldtech.JustWalkTests;
				PRODUCT_NAME = "$(TARGET_NAME)";
				STRING_CATALOG_GENERATE_SYMBOLS = NO;
				SWIFT_APPROACHABLE_CONCURRENCY = YES;
				SWIFT_EMIT_LOC_STRINGS = NO;
				SWIFT_UPCOMING_FEATURE_MEMBER_IMPORT_VISIBILITY = YES;
				SWIFT_VERSION = 5.0;
				TARGETED_DEVICE_FAMILY = "1,2";
				TEST_HOST = "$(BUILT_PRODUCTS_DIR)/JustWalk.app/$(BUNDLE_EXECUTABLE_FOLDER_PATH)/JustWalk";
			};
			name = Debug;
		};
		2A0F42DA2F23DB6B00866B22 /* Release */ = {
			isa = XCBuildConfiguration;
			buildSettings = {
				BUNDLE_LOADER = "$(TEST_HOST)";
				CODE_SIGN_STYLE = Automatic;
				CURRENT_PROJECT_VERSION = 1;
				DEVELOPMENT_TEAM = L3266HR998;
				GENERATE_INFOPLIST_FILE = YES;
				IPHONEOS_DEPLOYMENT_TARGET = 17.0;
				MARKETING_VERSION = 1.0;
				PRODUCT_BUNDLE_IDENTIFIER = onworldtech.JustWalkTests;
				PRODUCT_NAME = "$(TARGET_NAME)";
				STRING_CATALOG_GENERATE_SYMBOLS = NO;
				SWIFT_APPROACHABLE_CONCURRENCY = YES;
				SWIFT_EMIT_LOC_STRINGS = NO;
				SWIFT_UPCOMING_FEATURE_MEMBER_IMPORT_VISIBILITY = YES;
				SWIFT_VERSION = 5.0;
				TARGETED_DEVICE_FAMILY = "1,2";
				TEST_HOST = "$(BUILT_PRODUCTS_DIR)/JustWalk.app/$(BUNDLE_EXECUTABLE_FOLDER_PATH)/JustWalk";
			};
			name = Release;
		};
		2A0F42DC2F23DB6B00866B22 /* Debug */ = {
			isa = XCBuildConfiguration;
			buildSettings = {
				CODE_SIGN_STYLE = Automatic;
				CURRENT_PROJECT_VERSION = 1;
				DEVELOPMENT_TEAM = L3266HR998;
				GENERATE_INFOPLIST_FILE = YES;
				MARKETING_VERSION = 1.0;
				PRODUCT_BUNDLE_IDENTIFIER = onworldtech.JustWalkUITests;
				PRODUCT_NAME = "$(TARGET_NAME)";
				STRING_CATALOG_GENERATE_SYMBOLS = NO;
				SWIFT_APPROACHABLE_CONCURRENCY = YES;
				SWIFT_EMIT_LOC_STRINGS = NO;
				SWIFT_UPCOMING_FEATURE_MEMBER_IMPORT_VISIBILITY = YES;
				SWIFT_VERSION = 5.0;
				TARGETED_DEVICE_FAMILY = "1,2";
				TEST_TARGET_NAME = JustWalk;
			};
			name = Debug;
		};
		2A0F42DD2F23DB6B00866B22 /* Release */ = {
			isa = XCBuildConfiguration;
			buildSettings = {
				CODE_SIGN_STYLE = Automatic;
				CURRENT_PROJECT_VERSION = 1;
				DEVELOPMENT_TEAM = L3266HR998;
				GENERATE_INFOPLIST_FILE = YES;
				MARKETING_VERSION = 1.0;
				PRODUCT_BUNDLE_IDENTIFIER = onworldtech.JustWalkUITests;
				PRODUCT_NAME = "$(TARGET_NAME)";
				STRING_CATALOG_GENERATE_SYMBOLS = NO;
				SWIFT_APPROACHABLE_CONCURRENCY = YES;
				SWIFT_EMIT_LOC_STRINGS = NO;
				SWIFT_UPCOMING_FEATURE_MEMBER_IMPORT_VISIBILITY = YES;
				SWIFT_VERSION = 5.0;
				TARGETED_DEVICE_FAMILY = "1,2";
				TEST_TARGET_NAME = JustWalk;
			};
			name = Release;
		};
		2A0F43042F23DCA000866B22 /* Debug */ = {
			isa = XCBuildConfiguration;
			buildSettings = {
				ASSETCATALOG_COMPILER_APPICON_NAME = AppIcon;
				ASSETCATALOG_COMPILER_GLOBAL_ACCENT_COLOR_NAME = AccentColor;
				CODE_SIGN_ENTITLEMENTS = "JustWalkWatch Watch App/JustWalkWatch Watch App.entitlements";
				CODE_SIGN_STYLE = Automatic;
				CURRENT_PROJECT_VERSION = 1;
				DEVELOPMENT_TEAM = L3266HR998;
				ENABLE_PREVIEWS = YES;
				GENERATE_INFOPLIST_FILE = YES;
				INFOPLIST_FILE = "JustWalkWatch Watch App/Info.plist";
				INFOPLIST_KEY_CFBundleDisplayName = "Just Walk";
				INFOPLIST_KEY_NSHealthShareUsageDescription = "Just Walk uses your health data to track your walks and show your step count.";
				INFOPLIST_KEY_NSHealthUpdateUsageDescription = "Just Walk saves your walks to Apple Health.";
				INFOPLIST_KEY_UISupportedInterfaceOrientations = "UIInterfaceOrientationPortrait UIInterfaceOrientationPortraitUpsideDown";
				INFOPLIST_KEY_WKCompanionAppBundleIdentifier = onworldtech.JustWalk;
				INFOPLIST_KEY_WKRunsIndependentlyOfCompanionApp = NO;
				LD_RUNPATH_SEARCH_PATHS = (
					"$(inherited)",
					"@executable_path/Frameworks",
				);
				MARKETING_VERSION = 1.0;
				PRODUCT_BUNDLE_IDENTIFIER = onworldtech.JustWalk.watchkitapp;
				PRODUCT_NAME = "$(TARGET_NAME)";
				SDKROOT = watchos;
				SKIP_INSTALL = YES;
				STRING_CATALOG_GENERATE_SYMBOLS = YES;
				SWIFT_APPROACHABLE_CONCURRENCY = YES;
				SWIFT_DEFAULT_ACTOR_ISOLATION = MainActor;
				SWIFT_EMIT_LOC_STRINGS = YES;
				SWIFT_UPCOMING_FEATURE_MEMBER_IMPORT_VISIBILITY = YES;
				SWIFT_VERSION = 5.0;
				TARGETED_DEVICE_FAMILY = 4;
				WATCHOS_DEPLOYMENT_TARGET = 26.2;
			};
			name = Debug;
		};
		2A0F43052F23DCA000866B22 /* Release */ = {
			isa = XCBuildConfiguration;
			buildSettings = {
				ASSETCATALOG_COMPILER_APPICON_NAME = AppIcon;
				ASSETCATALOG_COMPILER_GLOBAL_ACCENT_COLOR_NAME = AccentColor;
				CODE_SIGN_ENTITLEMENTS = "JustWalkWatch Watch App/JustWalkWatch Watch App.entitlements";
				CODE_SIGN_STYLE = Automatic;
				CURRENT_PROJECT_VERSION = 1;
				DEVELOPMENT_TEAM = L3266HR998;
				ENABLE_PREVIEWS = YES;
				GENERATE_INFOPLIST_FILE = YES;
				INFOPLIST_FILE = "JustWalkWatch Watch App/Info.plist";
				INFOPLIST_KEY_CFBundleDisplayName = "Just Walk";
				INFOPLIST_KEY_NSHealthShareUsageDescription = "Just Walk uses your health data to track your walks and show your step count.";
				INFOPLIST_KEY_NSHealthUpdateUsageDescription = "Just Walk saves your walks to Apple Health.";
				INFOPLIST_KEY_UISupportedInterfaceOrientations = "UIInterfaceOrientationPortrait UIInterfaceOrientationPortraitUpsideDown";
				INFOPLIST_KEY_WKCompanionAppBundleIdentifier = onworldtech.JustWalk;
				INFOPLIST_KEY_WKRunsIndependentlyOfCompanionApp = NO;
				LD_RUNPATH_SEARCH_PATHS = (
					"$(inherited)",
					"@executable_path/Frameworks",
				);
				MARKETING_VERSION = 1.0;
				PRODUCT_BUNDLE_IDENTIFIER = onworldtech.JustWalk.watchkitapp;
				PRODUCT_NAME = "$(TARGET_NAME)";
				SDKROOT = watchos;
				SKIP_INSTALL = YES;
				STRING_CATALOG_GENERATE_SYMBOLS = YES;
				SWIFT_APPROACHABLE_CONCURRENCY = YES;
				SWIFT_DEFAULT_ACTOR_ISOLATION = MainActor;
				SWIFT_EMIT_LOC_STRINGS = YES;
				SWIFT_UPCOMING_FEATURE_MEMBER_IMPORT_VISIBILITY = YES;
				SWIFT_VERSION = 5.0;
				TARGETED_DEVICE_FAMILY = 4;
				WATCHOS_DEPLOYMENT_TARGET = 26.2;
			};
			name = Release;
		};
		2A0F43082F23DCA000866B22 /* Debug */ = {
			isa = XCBuildConfiguration;
			buildSettings = {
				BUNDLE_LOADER = "$(TEST_HOST)";
				CODE_SIGN_STYLE = Automatic;
				CURRENT_PROJECT_VERSION = 1;
				DEVELOPMENT_TEAM = L3266HR998;
				GENERATE_INFOPLIST_FILE = YES;
				MARKETING_VERSION = 1.0;
				PRODUCT_BUNDLE_IDENTIFIER = "onworldtech.JustWalkWatch-Watch-AppTests";
				PRODUCT_NAME = "$(TARGET_NAME)";
				SDKROOT = watchos;
				STRING_CATALOG_GENERATE_SYMBOLS = NO;
				SWIFT_APPROACHABLE_CONCURRENCY = YES;
				SWIFT_EMIT_LOC_STRINGS = NO;
				SWIFT_UPCOMING_FEATURE_MEMBER_IMPORT_VISIBILITY = YES;
				SWIFT_VERSION = 5.0;
				TARGETED_DEVICE_FAMILY = 4;
				TEST_HOST = "$(BUILT_PRODUCTS_DIR)/JustWalkWatch Watch App.app/$(BUNDLE_EXECUTABLE_FOLDER_PATH)/JustWalkWatch Watch App";
				WATCHOS_DEPLOYMENT_TARGET = 26.2;
			};
			name = Debug;
		};
		2A0F43092F23DCA000866B22 /* Release */ = {
			isa = XCBuildConfiguration;
			buildSettings = {
				BUNDLE_LOADER = "$(TEST_HOST)";
				CODE_SIGN_STYLE = Automatic;
				CURRENT_PROJECT_VERSION = 1;
				DEVELOPMENT_TEAM = L3266HR998;
				GENERATE_INFOPLIST_FILE = YES;
				MARKETING_VERSION = 1.0;
				PRODUCT_BUNDLE_IDENTIFIER = "onworldtech.JustWalkWatch-Watch-AppTests";
				PRODUCT_NAME = "$(TARGET_NAME)";
				SDKROOT = watchos;
				STRING_CATALOG_GENERATE_SYMBOLS = NO;
				SWIFT_APPROACHABLE_CONCURRENCY = YES;
				SWIFT_EMIT_LOC_STRINGS = NO;
				SWIFT_UPCOMING_FEATURE_MEMBER_IMPORT_VISIBILITY = YES;
				SWIFT_VERSION = 5.0;
				TARGETED_DEVICE_FAMILY = 4;
				TEST_HOST = "$(BUILT_PRODUCTS_DIR)/JustWalkWatch Watch App.app/$(BUNDLE_EXECUTABLE_FOLDER_PATH)/JustWalkWatch Watch App";
				WATCHOS_DEPLOYMENT_TARGET = 26.2;
			};
			name = Release;
		};
		2A0F430B2F23DCA000866B22 /* Debug */ = {
			isa = XCBuildConfiguration;
			buildSettings = {
				CODE_SIGN_STYLE = Automatic;
				CURRENT_PROJECT_VERSION = 1;
				DEVELOPMENT_TEAM = L3266HR998;
				GENERATE_INFOPLIST_FILE = YES;
				MARKETING_VERSION = 1.0;
				PRODUCT_BUNDLE_IDENTIFIER = "onworldtech.JustWalkWatch-Watch-AppUITests";
				PRODUCT_NAME = "$(TARGET_NAME)";
				SDKROOT = watchos;
				STRING_CATALOG_GENERATE_SYMBOLS = NO;
				SWIFT_APPROACHABLE_CONCURRENCY = YES;
				SWIFT_EMIT_LOC_STRINGS = NO;
				SWIFT_UPCOMING_FEATURE_MEMBER_IMPORT_VISIBILITY = YES;
				SWIFT_VERSION = 5.0;
				TARGETED_DEVICE_FAMILY = 4;
				TEST_TARGET_NAME = "JustWalkWatch Watch App";
				WATCHOS_DEPLOYMENT_TARGET = 26.2;
			};
			name = Debug;
		};
		2A0F430C2F23DCA000866B22 /* Release */ = {
			isa = XCBuildConfiguration;
			buildSettings = {
				CODE_SIGN_STYLE = Automatic;
				CURRENT_PROJECT_VERSION = 1;
				DEVELOPMENT_TEAM = L3266HR998;
				GENERATE_INFOPLIST_FILE = YES;
				MARKETING_VERSION = 1.0;
				PRODUCT_BUNDLE_IDENTIFIER = "onworldtech.JustWalkWatch-Watch-AppUITests";
				PRODUCT_NAME = "$(TARGET_NAME)";
				SDKROOT = watchos;
				STRING_CATALOG_GENERATE_SYMBOLS = NO;
				SWIFT_APPROACHABLE_CONCURRENCY = YES;
				SWIFT_EMIT_LOC_STRINGS = NO;
				SWIFT_UPCOMING_FEATURE_MEMBER_IMPORT_VISIBILITY = YES;
				SWIFT_VERSION = 5.0;
				TARGETED_DEVICE_FAMILY = 4;
				TEST_TARGET_NAME = "JustWalkWatch Watch App";
				WATCHOS_DEPLOYMENT_TARGET = 26.2;
			};
			name = Release;
		};
		2A3BEF5F2F27667000C3D8FA /* Debug */ = {
			isa = XCBuildConfiguration;
			buildSettings = {
				ASSETCATALOG_COMPILER_GLOBAL_ACCENT_COLOR_NAME = AccentColor;
				ASSETCATALOG_COMPILER_WIDGET_BACKGROUND_COLOR_NAME = WidgetBackground;
				CODE_SIGN_ENTITLEMENTS = "JustWalk Widgets/JustWalk Widgets.entitlements";
				CODE_SIGN_STYLE = Automatic;
				CURRENT_PROJECT_VERSION = 1;
				DEVELOPMENT_TEAM = L3266HR998;
				GENERATE_INFOPLIST_FILE = YES;
				INFOPLIST_FILE = "JustWalk Widgets/Info.plist";
				INFOPLIST_KEY_CFBundleDisplayName = "JustWalk Widgets";
				INFOPLIST_KEY_NSHumanReadableCopyright = "";
				LD_RUNPATH_SEARCH_PATHS = (
					"$(inherited)",
					"@executable_path/Frameworks",
					"@executable_path/../../Frameworks",
				);
				MARKETING_VERSION = 1.0;
				PRODUCT_BUNDLE_IDENTIFIER = "onworldtech.JustWalk.JustWalk-Widgets";
				PRODUCT_NAME = "$(TARGET_NAME)";
				SKIP_INSTALL = YES;
				STRING_CATALOG_GENERATE_SYMBOLS = YES;
				SWIFT_APPROACHABLE_CONCURRENCY = YES;
				SWIFT_EMIT_LOC_STRINGS = YES;
				SWIFT_UPCOMING_FEATURE_MEMBER_IMPORT_VISIBILITY = YES;
				SWIFT_VERSION = 5.0;
				TARGETED_DEVICE_FAMILY = "1,2";
			};
			name = Debug;
		};
		2A3BEF602F27667000C3D8FA /* Release */ = {
			isa = XCBuildConfiguration;
			buildSettings = {
				ASSETCATALOG_COMPILER_GLOBAL_ACCENT_COLOR_NAME = AccentColor;
				ASSETCATALOG_COMPILER_WIDGET_BACKGROUND_COLOR_NAME = WidgetBackground;
				CODE_SIGN_ENTITLEMENTS = "JustWalk Widgets/JustWalk Widgets.entitlements";
				CODE_SIGN_STYLE = Automatic;
				CURRENT_PROJECT_VERSION = 1;
				DEVELOPMENT_TEAM = L3266HR998;
				GENERATE_INFOPLIST_FILE = YES;
				INFOPLIST_FILE = "JustWalk Widgets/Info.plist";
				INFOPLIST_KEY_CFBundleDisplayName = "JustWalk Widgets";
				INFOPLIST_KEY_NSHumanReadableCopyright = "";
				LD_RUNPATH_SEARCH_PATHS = (
					"$(inherited)",
					"@executable_path/Frameworks",
					"@executable_path/../../Frameworks",
				);
				MARKETING_VERSION = 1.0;
				PRODUCT_BUNDLE_IDENTIFIER = "onworldtech.JustWalk.JustWalk-Widgets";
				PRODUCT_NAME = "$(TARGET_NAME)";
				SKIP_INSTALL = YES;
				STRING_CATALOG_GENERATE_SYMBOLS = YES;
				SWIFT_APPROACHABLE_CONCURRENCY = YES;
				SWIFT_EMIT_LOC_STRINGS = YES;
				SWIFT_UPCOMING_FEATURE_MEMBER_IMPORT_VISIBILITY = YES;
				SWIFT_VERSION = 5.0;
				TARGETED_DEVICE_FAMILY = "1,2";
			};
			name = Release;
		};
		2A3BEF782F27669A00C3D8FA /* Debug */ = {
			isa = XCBuildConfiguration;
			buildSettings = {
				ASSETCATALOG_COMPILER_GLOBAL_ACCENT_COLOR_NAME = AccentColor;
				ASSETCATALOG_COMPILER_WIDGET_BACKGROUND_COLOR_NAME = WidgetBackground;
				CODE_SIGN_ENTITLEMENTS = "JustWalk Widgets (Watch)/JustWalk Widgets (Watch).entitlements";
				CODE_SIGN_STYLE = Automatic;
				CURRENT_PROJECT_VERSION = 1;
				DEVELOPMENT_TEAM = L3266HR998;
				GENERATE_INFOPLIST_FILE = YES;
				INFOPLIST_FILE = "JustWalk Widgets (Watch)/Info.plist";
				INFOPLIST_KEY_CFBundleDisplayName = "JustWalk Widgets Watch";
				INFOPLIST_KEY_NSHumanReadableCopyright = "";
				LD_RUNPATH_SEARCH_PATHS = (
					"$(inherited)",
					"@executable_path/Frameworks",
					"@executable_path/../../Frameworks",
					"@executable_path/../../../../Frameworks",
				);
				MARKETING_VERSION = 1.0;
				PRODUCT_BUNDLE_IDENTIFIER = onworldtech.JustWalk.watchkitapp.Widgets;
				PRODUCT_NAME = "JustWalk Widgets WatchExtension";
				SDKROOT = watchos;
				SKIP_INSTALL = YES;
				STRING_CATALOG_GENERATE_SYMBOLS = YES;
				SWIFT_APPROACHABLE_CONCURRENCY = YES;
				SWIFT_EMIT_LOC_STRINGS = YES;
				SWIFT_UPCOMING_FEATURE_MEMBER_IMPORT_VISIBILITY = YES;
				SWIFT_VERSION = 5.0;
				TARGETED_DEVICE_FAMILY = 4;
				WATCHOS_DEPLOYMENT_TARGET = 26.2;
			};
			name = Debug;
		};
		2A3BEF792F27669A00C3D8FA /* Release */ = {
			isa = XCBuildConfiguration;
			buildSettings = {
				ASSETCATALOG_COMPILER_GLOBAL_ACCENT_COLOR_NAME = AccentColor;
				ASSETCATALOG_COMPILER_WIDGET_BACKGROUND_COLOR_NAME = WidgetBackground;
				CODE_SIGN_ENTITLEMENTS = "JustWalk Widgets (Watch)/JustWalk Widgets (Watch).entitlements";
				CODE_SIGN_STYLE = Automatic;
				CURRENT_PROJECT_VERSION = 1;
				DEVELOPMENT_TEAM = L3266HR998;
				GENERATE_INFOPLIST_FILE = YES;
				INFOPLIST_FILE = "JustWalk Widgets (Watch)/Info.plist";
				INFOPLIST_KEY_CFBundleDisplayName = "JustWalk Widgets Watch";
				INFOPLIST_KEY_NSHumanReadableCopyright = "";
				LD_RUNPATH_SEARCH_PATHS = (
					"$(inherited)",
					"@executable_path/Frameworks",
					"@executable_path/../../Frameworks",
					"@executable_path/../../../../Frameworks",
				);
				MARKETING_VERSION = 1.0;
				PRODUCT_BUNDLE_IDENTIFIER = onworldtech.JustWalk.watchkitapp.Widgets;
				PRODUCT_NAME = "JustWalk Widgets WatchExtension";
				SDKROOT = watchos;
				SKIP_INSTALL = YES;
				STRING_CATALOG_GENERATE_SYMBOLS = YES;
				SWIFT_APPROACHABLE_CONCURRENCY = YES;
				SWIFT_EMIT_LOC_STRINGS = YES;
				SWIFT_UPCOMING_FEATURE_MEMBER_IMPORT_VISIBILITY = YES;
				SWIFT_VERSION = 5.0;
				TARGETED_DEVICE_FAMILY = 4;
				WATCHOS_DEPLOYMENT_TARGET = 26.2;
			};
			name = Release;
		};
/* End XCBuildConfiguration section */

/* Begin XCConfigurationList section */
		2A0F42AA2F23DB6A00866B22 /* Build configuration list for PBXProject "JustWalk" */ = {
			isa = XCConfigurationList;
			buildConfigurations = (
				2A0F42D62F23DB6B00866B22 /* Debug */,
				2A0F42D72F23DB6B00866B22 /* Release */,
			);
			defaultConfigurationIsVisible = 0;
			defaultConfigurationName = Release;
		};
		2A0F42D32F23DB6B00866B22 /* Build configuration list for PBXNativeTarget "JustWalk" */ = {
			isa = XCConfigurationList;
			buildConfigurations = (
				2A0F42D42F23DB6B00866B22 /* Debug */,
				2A0F42D52F23DB6B00866B22 /* Release */,
			);
			defaultConfigurationIsVisible = 0;
			defaultConfigurationName = Release;
		};
		2A0F42D82F23DB6B00866B22 /* Build configuration list for PBXNativeTarget "JustWalkTests" */ = {
			isa = XCConfigurationList;
			buildConfigurations = (
				2A0F42D92F23DB6B00866B22 /* Debug */,
				2A0F42DA2F23DB6B00866B22 /* Release */,
			);
			defaultConfigurationIsVisible = 0;
			defaultConfigurationName = Release;
		};
		2A0F42DB2F23DB6B00866B22 /* Build configuration list for PBXNativeTarget "JustWalkUITests" */ = {
			isa = XCConfigurationList;
			buildConfigurations = (
				2A0F42DC2F23DB6B00866B22 /* Debug */,
				2A0F42DD2F23DB6B00866B22 /* Release */,
			);
			defaultConfigurationIsVisible = 0;
			defaultConfigurationName = Release;
		};
		2A0F43032F23DCA000866B22 /* Build configuration list for PBXNativeTarget "JustWalkWatch Watch App" */ = {
			isa = XCConfigurationList;
			buildConfigurations = (
				2A0F43042F23DCA000866B22 /* Debug */,
				2A0F43052F23DCA000866B22 /* Release */,
			);
			defaultConfigurationIsVisible = 0;
			defaultConfigurationName = Release;
		};
		2A0F43072F23DCA000866B22 /* Build configuration list for PBXNativeTarget "JustWalkWatch Watch AppTests" */ = {
			isa = XCConfigurationList;
			buildConfigurations = (
				2A0F43082F23DCA000866B22 /* Debug */,
				2A0F43092F23DCA000866B22 /* Release */,
			);
			defaultConfigurationIsVisible = 0;
			defaultConfigurationName = Release;
		};
		2A0F430A2F23DCA000866B22 /* Build configuration list for PBXNativeTarget "JustWalkWatch Watch AppUITests" */ = {
			isa = XCConfigurationList;
			buildConfigurations = (
				2A0F430B2F23DCA000866B22 /* Debug */,
				2A0F430C2F23DCA000866B22 /* Release */,
			);
			defaultConfigurationIsVisible = 0;
			defaultConfigurationName = Release;
		};
		2A3BEF5E2F27667000C3D8FA /* Build configuration list for PBXNativeTarget "JustWalk WidgetsExtension" */ = {
			isa = XCConfigurationList;
			buildConfigurations = (
				2A3BEF5F2F27667000C3D8FA /* Debug */,
				2A3BEF602F27667000C3D8FA /* Release */,
			);
			defaultConfigurationIsVisible = 0;
			defaultConfigurationName = Release;
		};
		2A3BEF772F27669A00C3D8FA /* Build configuration list for PBXNativeTarget "JustWalk Widgets (Watch)Extension" */ = {
			isa = XCConfigurationList;
			buildConfigurations = (
				2A3BEF782F27669A00C3D8FA /* Debug */,
				2A3BEF792F27669A00C3D8FA /* Release */,
			);
			defaultConfigurationIsVisible = 0;
			defaultConfigurationName = Release;
		};
/* End XCConfigurationList section */
	};
	rootObject = 2A0F42A72F23DB6A00866B22 /* Project object */;
}
